// !$*UTF8*$!
{
	archiveVersion = 1;
	classes = {
	};
	objectVersion = 46;
	objects = {

/* Begin PBXBuildFile section */
		6E2E8A6F1C06A004000E6C2D /* RegisterLoginViewController.m in Sources */ = {isa = PBXBuildFile; fileRef = 6E2E8A6E1C06A004000E6C2D /* RegisterLoginViewController.m */; };
		6E2E8A721C06A20E000E6C2D /* RegisterViewController.m in Sources */ = {isa = PBXBuildFile; fileRef = 6E2E8A711C06A20E000E6C2D /* RegisterViewController.m */; };
		6E4D36E41C055D93001573E3 /* Global.m in Sources */ = {isa = PBXBuildFile; fileRef = 6E4D36E21C055D93001573E3 /* Global.m */; };
		6E4D36F01C056102001573E3 /* MobileCoreServices.framework in Frameworks */ = {isa = PBXBuildFile; fileRef = 6E4D36EF1C056102001573E3 /* MobileCoreServices.framework */; };
		6E4D36F21C056109001573E3 /* Security.framework in Frameworks */ = {isa = PBXBuildFile; fileRef = 6E4D36F11C056109001573E3 /* Security.framework */; };
		6E4D36F41C056117001573E3 /* SystemConfiguration.framework in Frameworks */ = {isa = PBXBuildFile; fileRef = 6E4D36F31C056117001573E3 /* SystemConfiguration.framework */; };
		6E4D36F61C05612D001573E3 /* CoreLocation.framework in Frameworks */ = {isa = PBXBuildFile; fileRef = 6E4D36F51C05612D001573E3 /* CoreLocation.framework */; };
		6E4D36F81C056133001573E3 /* UIKit.framework in Frameworks */ = {isa = PBXBuildFile; fileRef = 6E4D36F71C056133001573E3 /* UIKit.framework */; };
		6E4D36FA1C05613D001573E3 /* Foundation.framework in Frameworks */ = {isa = PBXBuildFile; fileRef = 6E4D36F91C05613D001573E3 /* Foundation.framework */; };
		6E4D36FC1C056148001573E3 /* CoreGraphics.framework in Frameworks */ = {isa = PBXBuildFile; fileRef = 6E4D36FB1C056148001573E3 /* CoreGraphics.framework */; };
		6E4D37241C0561A2001573E3 /* AFHTTPRequestOperation.m in Sources */ = {isa = PBXBuildFile; fileRef = 6E4D36FF1C0561A2001573E3 /* AFHTTPRequestOperation.m */; };
		6E4D37251C0561A2001573E3 /* AFHTTPRequestOperationManager.m in Sources */ = {isa = PBXBuildFile; fileRef = 6E4D37011C0561A2001573E3 /* AFHTTPRequestOperationManager.m */; };
		6E4D37261C0561A2001573E3 /* AFHTTPSessionManager.m in Sources */ = {isa = PBXBuildFile; fileRef = 6E4D37031C0561A2001573E3 /* AFHTTPSessionManager.m */; };
		6E4D37271C0561A2001573E3 /* AFNetworkReachabilityManager.m in Sources */ = {isa = PBXBuildFile; fileRef = 6E4D37061C0561A2001573E3 /* AFNetworkReachabilityManager.m */; };
		6E4D37281C0561A2001573E3 /* AFSecurityPolicy.m in Sources */ = {isa = PBXBuildFile; fileRef = 6E4D37081C0561A2001573E3 /* AFSecurityPolicy.m */; };
		6E4D37291C0561A2001573E3 /* AFURLConnectionOperation.m in Sources */ = {isa = PBXBuildFile; fileRef = 6E4D370A1C0561A2001573E3 /* AFURLConnectionOperation.m */; };
		6E4D372A1C0561A2001573E3 /* AFURLRequestSerialization.m in Sources */ = {isa = PBXBuildFile; fileRef = 6E4D370C1C0561A2001573E3 /* AFURLRequestSerialization.m */; };
		6E4D372B1C0561A2001573E3 /* AFURLResponseSerialization.m in Sources */ = {isa = PBXBuildFile; fileRef = 6E4D370E1C0561A2001573E3 /* AFURLResponseSerialization.m */; };
		6E4D372C1C0561A2001573E3 /* AFURLSessionManager.m in Sources */ = {isa = PBXBuildFile; fileRef = 6E4D37101C0561A2001573E3 /* AFURLSessionManager.m */; };
		6E4D372D1C0561A2001573E3 /* AFNetworkActivityIndicatorManager.m in Sources */ = {isa = PBXBuildFile; fileRef = 6E4D37131C0561A2001573E3 /* AFNetworkActivityIndicatorManager.m */; };
		6E4D372E1C0561A2001573E3 /* UIActivityIndicatorView+AFNetworking.m in Sources */ = {isa = PBXBuildFile; fileRef = 6E4D37151C0561A2001573E3 /* UIActivityIndicatorView+AFNetworking.m */; };
		6E4D372F1C0561A2001573E3 /* UIAlertView+AFNetworking.m in Sources */ = {isa = PBXBuildFile; fileRef = 6E4D37171C0561A2001573E3 /* UIAlertView+AFNetworking.m */; };
		6E4D37301C0561A2001573E3 /* UIButton+AFNetworking.m in Sources */ = {isa = PBXBuildFile; fileRef = 6E4D37191C0561A2001573E3 /* UIButton+AFNetworking.m */; };
		6E4D37311C0561A2001573E3 /* UIImageView+AFNetworking.m in Sources */ = {isa = PBXBuildFile; fileRef = 6E4D371C1C0561A2001573E3 /* UIImageView+AFNetworking.m */; };
		6E4D37321C0561A2001573E3 /* UIProgressView+AFNetworking.m in Sources */ = {isa = PBXBuildFile; fileRef = 6E4D371F1C0561A2001573E3 /* UIProgressView+AFNetworking.m */; };
		6E4D37331C0561A2001573E3 /* UIRefreshControl+AFNetworking.m in Sources */ = {isa = PBXBuildFile; fileRef = 6E4D37211C0561A2001573E3 /* UIRefreshControl+AFNetworking.m */; };
		6E4D37341C0561A2001573E3 /* UIWebView+AFNetworking.m in Sources */ = {isa = PBXBuildFile; fileRef = 6E4D37231C0561A2001573E3 /* UIWebView+AFNetworking.m */; };
		6E4D373A1C05628C001573E3 /* MBProgressHUD.m in Sources */ = {isa = PBXBuildFile; fileRef = 6E4D37391C05628C001573E3 /* MBProgressHUD.m */; };
		6E4D375C1C056384001573E3 /* MKAnnotationView+WebCache.m in Sources */ = {isa = PBXBuildFile; fileRef = 6E4D373C1C056384001573E3 /* MKAnnotationView+WebCache.m */; };
		6E4D375D1C056384001573E3 /* NSData+ImageContentType.m in Sources */ = {isa = PBXBuildFile; fileRef = 6E4D373E1C056384001573E3 /* NSData+ImageContentType.m */; };
		6E4D375E1C056384001573E3 /* SDImageCache.m in Sources */ = {isa = PBXBuildFile; fileRef = 6E4D37401C056384001573E3 /* SDImageCache.m */; };
		6E4D375F1C056384001573E3 /* SDWebImageCompat.m in Sources */ = {isa = PBXBuildFile; fileRef = 6E4D37421C056384001573E3 /* SDWebImageCompat.m */; };
		6E4D37601C056384001573E3 /* SDWebImageDecoder.m in Sources */ = {isa = PBXBuildFile; fileRef = 6E4D37441C056384001573E3 /* SDWebImageDecoder.m */; };
		6E4D37611C056384001573E3 /* SDWebImageDownloader.m in Sources */ = {isa = PBXBuildFile; fileRef = 6E4D37461C056384001573E3 /* SDWebImageDownloader.m */; };
		6E4D37621C056384001573E3 /* SDWebImageDownloaderOperation.m in Sources */ = {isa = PBXBuildFile; fileRef = 6E4D37481C056384001573E3 /* SDWebImageDownloaderOperation.m */; };
		6E4D37631C056384001573E3 /* SDWebImageManager.m in Sources */ = {isa = PBXBuildFile; fileRef = 6E4D374A1C056384001573E3 /* SDWebImageManager.m */; };
		6E4D37641C056384001573E3 /* SDWebImagePrefetcher.m in Sources */ = {isa = PBXBuildFile; fileRef = 6E4D374D1C056384001573E3 /* SDWebImagePrefetcher.m */; };
		6E4D37651C056384001573E3 /* UIButton+WebCache.m in Sources */ = {isa = PBXBuildFile; fileRef = 6E4D374F1C056384001573E3 /* UIButton+WebCache.m */; };
		6E4D37661C056384001573E3 /* UIImage+GIF.m in Sources */ = {isa = PBXBuildFile; fileRef = 6E4D37511C056384001573E3 /* UIImage+GIF.m */; };
		6E4D37671C056384001573E3 /* UIImage+MultiFormat.m in Sources */ = {isa = PBXBuildFile; fileRef = 6E4D37531C056384001573E3 /* UIImage+MultiFormat.m */; };
		6E4D37681C056384001573E3 /* UIImage+WebP.m in Sources */ = {isa = PBXBuildFile; fileRef = 6E4D37551C056384001573E3 /* UIImage+WebP.m */; };
		6E4D37691C056384001573E3 /* UIImageView+HighlightedWebCache.m in Sources */ = {isa = PBXBuildFile; fileRef = 6E4D37571C056384001573E3 /* UIImageView+HighlightedWebCache.m */; };
		6E4D376A1C056384001573E3 /* UIImageView+WebCache.m in Sources */ = {isa = PBXBuildFile; fileRef = 6E4D37591C056384001573E3 /* UIImageView+WebCache.m */; };
		6E4D376B1C056384001573E3 /* UIView+WebCacheOperation.m in Sources */ = {isa = PBXBuildFile; fileRef = 6E4D375B1C056384001573E3 /* UIView+WebCacheOperation.m */; };
		6E4D376D1C0564C9001573E3 /* ImageIO.framework in Frameworks */ = {isa = PBXBuildFile; fileRef = 6E4D376C1C0564C9001573E3 /* ImageIO.framework */; };
		6E4D37841C056619001573E3 /* AirCloudNetAPIClient.m in Sources */ = {isa = PBXBuildFile; fileRef = 6E4D37701C056619001573E3 /* AirCloudNetAPIClient.m */; };
		6E4D37851C056619001573E3 /* AirCloudNetAPIManager.m in Sources */ = {isa = PBXBuildFile; fileRef = 6E4D37721C056619001573E3 /* AirCloudNetAPIManager.m */; };
		6E4D37861C056619001573E3 /* GeneralToolObject.m in Sources */ = {isa = PBXBuildFile; fileRef = 6E4D37751C056619001573E3 /* GeneralToolObject.m */; };
		6E4D37871C056619001573E3 /* BaseNavigationController.m in Sources */ = {isa = PBXBuildFile; fileRef = 6E4D37781C056619001573E3 /* BaseNavigationController.m */; };
		6E4D37881C056619001573E3 /* BaseTabBarController.m in Sources */ = {isa = PBXBuildFile; fileRef = 6E4D377A1C056619001573E3 /* BaseTabBarController.m */; };
		6E4D37891C056619001573E3 /* UIImage_extra.m in Sources */ = {isa = PBXBuildFile; fileRef = 6E4D377C1C056619001573E3 /* UIImage_extra.m */; };
		6E4D378A1C056619001573E3 /* UINavigationItem+margin.m in Sources */ = {isa = PBXBuildFile; fileRef = 6E4D377E1C056619001573E3 /* UINavigationItem+margin.m */; };
		6E4D378B1C056619001573E3 /* UIViewController+NavigationBar.m in Sources */ = {isa = PBXBuildFile; fileRef = 6E4D37801C056619001573E3 /* UIViewController+NavigationBar.m */; };
		6E4D378C1C056619001573E3 /* CustomMBHud.m in Sources */ = {isa = PBXBuildFile; fileRef = 6E4D37831C056619001573E3 /* CustomMBHud.m */; };
		6E4D37A61C0568B1001573E3 /* MJRefresh.bundle in Resources */ = {isa = PBXBuildFile; fileRef = 6E4D378E1C0568B1001573E3 /* MJRefresh.bundle */; };
		6E4D37A71C0568B1001573E3 /* MJRefreshComponent.m in Sources */ = {isa = PBXBuildFile; fileRef = 6E4D37911C0568B1001573E3 /* MJRefreshComponent.m */; };
		6E4D37A81C0568B1001573E3 /* MJRefreshConst.m in Sources */ = {isa = PBXBuildFile; fileRef = 6E4D37931C0568B1001573E3 /* MJRefreshConst.m */; };
		6E4D37A91C0568B1001573E3 /* MJRefreshFooter.m in Sources */ = {isa = PBXBuildFile; fileRef = 6E4D37951C0568B1001573E3 /* MJRefreshFooter.m */; };
		6E4D37AA1C0568B1001573E3 /* MJRefreshGifFooter.m in Sources */ = {isa = PBXBuildFile; fileRef = 6E4D37971C0568B1001573E3 /* MJRefreshGifFooter.m */; };
		6E4D37AB1C0568B1001573E3 /* MJRefreshGifHeader.m in Sources */ = {isa = PBXBuildFile; fileRef = 6E4D37991C0568B1001573E3 /* MJRefreshGifHeader.m */; };
		6E4D37AC1C0568B1001573E3 /* MJRefreshHeader.m in Sources */ = {isa = PBXBuildFile; fileRef = 6E4D379B1C0568B1001573E3 /* MJRefreshHeader.m */; };
		6E4D37AD1C0568B1001573E3 /* MJRefreshLegendFooter.m in Sources */ = {isa = PBXBuildFile; fileRef = 6E4D379D1C0568B1001573E3 /* MJRefreshLegendFooter.m */; };
		6E4D37AE1C0568B1001573E3 /* MJRefreshLegendHeader.m in Sources */ = {isa = PBXBuildFile; fileRef = 6E4D379F1C0568B1001573E3 /* MJRefreshLegendHeader.m */; };
		6E4D37AF1C0568B1001573E3 /* UIScrollView+MJExtension.m in Sources */ = {isa = PBXBuildFile; fileRef = 6E4D37A11C0568B1001573E3 /* UIScrollView+MJExtension.m */; };
		6E4D37B01C0568B1001573E3 /* UIScrollView+MJRefresh.m in Sources */ = {isa = PBXBuildFile; fileRef = 6E4D37A31C0568B1001573E3 /* UIScrollView+MJRefresh.m */; };
		6E4D37B11C0568B1001573E3 /* UIView+MJExtension.m in Sources */ = {isa = PBXBuildFile; fileRef = 6E4D37A51C0568B1001573E3 /* UIView+MJExtension.m */; };
		6E98972C1C083BD500B9D9E9 /* GuidePageView.m in Sources */ = {isa = PBXBuildFile; fileRef = 6E98972B1C083BD500B9D9E9 /* GuidePageView.m */; };
		6EB2ED501C04684A002799BD /* main.m in Sources */ = {isa = PBXBuildFile; fileRef = 6EB2ED4F1C04684A002799BD /* main.m */; };
		6EB2ED531C04684A002799BD /* AppDelegate.m in Sources */ = {isa = PBXBuildFile; fileRef = 6EB2ED521C04684A002799BD /* AppDelegate.m */; };
		6EB2ED5B1C04684A002799BD /* Assets.xcassets in Resources */ = {isa = PBXBuildFile; fileRef = 6EB2ED5A1C04684A002799BD /* Assets.xcassets */; };
		6EB2ED691C04684B002799BD /* CloudPhoneTests.m in Sources */ = {isa = PBXBuildFile; fileRef = 6EB2ED681C04684B002799BD /* CloudPhoneTests.m */; };
		6EB2ED741C04684B002799BD /* CloudPhoneUITests.m in Sources */ = {isa = PBXBuildFile; fileRef = 6EB2ED731C04684B002799BD /* CloudPhoneUITests.m */; };
		B4AB5C511C0836F300143D29 /* welcome@2x.png in Resources */ = {isa = PBXBuildFile; fileRef = B4AB5C501C0836F300143D29 /* welcome@2x.png */; };
		B4AB5C531C0847CE00143D29 /* pic_touxiang@2x.png in Resources */ = {isa = PBXBuildFile; fileRef = B4AB5C521C0847CE00143D29 /* pic_touxiang@2x.png */; };
		B4AB5C551C0853B600143D29 /* pic_zhanghao@2x.png in Resources */ = {isa = PBXBuildFile; fileRef = B4AB5C541C0853B600143D29 /* pic_zhanghao@2x.png */; };
		B4AB5C571C0853F600143D29 /* pic_mima@2x.png in Resources */ = {isa = PBXBuildFile; fileRef = B4AB5C561C0853F600143D29 /* pic_mima@2x.png */; };
		B4AB5C5A1C085B0700143D29 /* chance_@2x.png in Resources */ = {isa = PBXBuildFile; fileRef = B4AB5C581C085B0700143D29 /* chance_@2x.png */; };
		B4AB5C5B1C085B0700143D29 /* chance_selected@2x.png in Resources */ = {isa = PBXBuildFile; fileRef = B4AB5C591C085B0700143D29 /* chance_selected@2x.png */; };
		B4DEF6D21C06B0360001407D /* LoginViewController.m in Sources */ = {isa = PBXBuildFile; fileRef = B4DEF6D11C06B0360001407D /* LoginViewController.m */; };
		B4DEF6D81C06BF730001407D /* LoginPasswordViewController.m in Sources */ = {isa = PBXBuildFile; fileRef = B4DEF6D71C06BF730001407D /* LoginPasswordViewController.m */; };
		B4DEF6DB1C06E1640001407D /* CallbackPasswordViewController.m in Sources */ = {isa = PBXBuildFile; fileRef = B4DEF6DA1C06E1640001407D /* CallbackPasswordViewController.m */; };
		B4DEF6DE1C06E4920001407D /* ResetPasswordViewController.m in Sources */ = {isa = PBXBuildFile; fileRef = B4DEF6DD1C06E4920001407D /* ResetPasswordViewController.m */; };
		B4DEF6E51C06F9470001407D /* UIColor+Category.m in Sources */ = {isa = PBXBuildFile; fileRef = B4DEF6E41C06F9470001407D /* UIColor+Category.m */; };
		B4DEF6E81C06FC3D0001407D /* ColorTool.m in Sources */ = {isa = PBXBuildFile; fileRef = B4DEF6E71C06FC3D0001407D /* ColorTool.m */; };
/* End PBXBuildFile section */

/* Begin PBXContainerItemProxy section */
		6EB2ED651C04684B002799BD /* PBXContainerItemProxy */ = {
			isa = PBXContainerItemProxy;
			containerPortal = 6EB2ED431C04684A002799BD /* Project object */;
			proxyType = 1;
			remoteGlobalIDString = 6EB2ED4A1C04684A002799BD;
			remoteInfo = CloudPhone;
		};
		6EB2ED701C04684B002799BD /* PBXContainerItemProxy */ = {
			isa = PBXContainerItemProxy;
			containerPortal = 6EB2ED431C04684A002799BD /* Project object */;
			proxyType = 1;
			remoteGlobalIDString = 6EB2ED4A1C04684A002799BD;
			remoteInfo = CloudPhone;
		};
/* End PBXContainerItemProxy section */

/* Begin PBXFileReference section */
		6E2E8A6D1C06A004000E6C2D /* RegisterLoginViewController.h */ = {isa = PBXFileReference; fileEncoding = 4; lastKnownFileType = sourcecode.c.h; path = RegisterLoginViewController.h; sourceTree = "<group>"; };
		6E2E8A6E1C06A004000E6C2D /* RegisterLoginViewController.m */ = {isa = PBXFileReference; fileEncoding = 4; lastKnownFileType = sourcecode.c.objc; path = RegisterLoginViewController.m; sourceTree = "<group>"; };
		6E2E8A701C06A20E000E6C2D /* RegisterViewController.h */ = {isa = PBXFileReference; fileEncoding = 4; lastKnownFileType = sourcecode.c.h; path = RegisterViewController.h; sourceTree = "<group>"; };
		6E2E8A711C06A20E000E6C2D /* RegisterViewController.m */ = {isa = PBXFileReference; fileEncoding = 4; lastKnownFileType = sourcecode.c.objc; path = RegisterViewController.m; sourceTree = "<group>"; };
		6E4D36E01C055D93001573E3 /* APIUrl.h */ = {isa = PBXFileReference; fileEncoding = 4; lastKnownFileType = sourcecode.c.h; path = APIUrl.h; sourceTree = "<group>"; };
		6E4D36E11C055D93001573E3 /* Global.h */ = {isa = PBXFileReference; fileEncoding = 4; lastKnownFileType = sourcecode.c.h; path = Global.h; sourceTree = "<group>"; };
		6E4D36E21C055D93001573E3 /* Global.m */ = {isa = PBXFileReference; fileEncoding = 4; lastKnownFileType = sourcecode.c.objc; path = Global.m; sourceTree = "<group>"; };
		6E4D36E31C055D93001573E3 /* Macros.h */ = {isa = PBXFileReference; fileEncoding = 4; lastKnownFileType = sourcecode.c.h; path = Macros.h; sourceTree = "<group>"; };
		6E4D36EF1C056102001573E3 /* MobileCoreServices.framework */ = {isa = PBXFileReference; lastKnownFileType = wrapper.framework; name = MobileCoreServices.framework; path = System/Library/Frameworks/MobileCoreServices.framework; sourceTree = SDKROOT; };
		6E4D36F11C056109001573E3 /* Security.framework */ = {isa = PBXFileReference; lastKnownFileType = wrapper.framework; name = Security.framework; path = System/Library/Frameworks/Security.framework; sourceTree = SDKROOT; };
		6E4D36F31C056117001573E3 /* SystemConfiguration.framework */ = {isa = PBXFileReference; lastKnownFileType = wrapper.framework; name = SystemConfiguration.framework; path = System/Library/Frameworks/SystemConfiguration.framework; sourceTree = SDKROOT; };
		6E4D36F51C05612D001573E3 /* CoreLocation.framework */ = {isa = PBXFileReference; lastKnownFileType = wrapper.framework; name = CoreLocation.framework; path = System/Library/Frameworks/CoreLocation.framework; sourceTree = SDKROOT; };
		6E4D36F71C056133001573E3 /* UIKit.framework */ = {isa = PBXFileReference; lastKnownFileType = wrapper.framework; name = UIKit.framework; path = System/Library/Frameworks/UIKit.framework; sourceTree = SDKROOT; };
		6E4D36F91C05613D001573E3 /* Foundation.framework */ = {isa = PBXFileReference; lastKnownFileType = wrapper.framework; name = Foundation.framework; path = System/Library/Frameworks/Foundation.framework; sourceTree = SDKROOT; };
		6E4D36FB1C056148001573E3 /* CoreGraphics.framework */ = {isa = PBXFileReference; lastKnownFileType = wrapper.framework; name = CoreGraphics.framework; path = System/Library/Frameworks/CoreGraphics.framework; sourceTree = SDKROOT; };
		6E4D36FE1C0561A2001573E3 /* AFHTTPRequestOperation.h */ = {isa = PBXFileReference; fileEncoding = 4; lastKnownFileType = sourcecode.c.h; path = AFHTTPRequestOperation.h; sourceTree = "<group>"; };
		6E4D36FF1C0561A2001573E3 /* AFHTTPRequestOperation.m */ = {isa = PBXFileReference; fileEncoding = 4; lastKnownFileType = sourcecode.c.objc; path = AFHTTPRequestOperation.m; sourceTree = "<group>"; };
		6E4D37001C0561A2001573E3 /* AFHTTPRequestOperationManager.h */ = {isa = PBXFileReference; fileEncoding = 4; lastKnownFileType = sourcecode.c.h; path = AFHTTPRequestOperationManager.h; sourceTree = "<group>"; };
		6E4D37011C0561A2001573E3 /* AFHTTPRequestOperationManager.m */ = {isa = PBXFileReference; fileEncoding = 4; lastKnownFileType = sourcecode.c.objc; path = AFHTTPRequestOperationManager.m; sourceTree = "<group>"; };
		6E4D37021C0561A2001573E3 /* AFHTTPSessionManager.h */ = {isa = PBXFileReference; fileEncoding = 4; lastKnownFileType = sourcecode.c.h; path = AFHTTPSessionManager.h; sourceTree = "<group>"; };
		6E4D37031C0561A2001573E3 /* AFHTTPSessionManager.m */ = {isa = PBXFileReference; fileEncoding = 4; lastKnownFileType = sourcecode.c.objc; path = AFHTTPSessionManager.m; sourceTree = "<group>"; };
		6E4D37041C0561A2001573E3 /* AFNetworking.h */ = {isa = PBXFileReference; fileEncoding = 4; lastKnownFileType = sourcecode.c.h; path = AFNetworking.h; sourceTree = "<group>"; };
		6E4D37051C0561A2001573E3 /* AFNetworkReachabilityManager.h */ = {isa = PBXFileReference; fileEncoding = 4; lastKnownFileType = sourcecode.c.h; path = AFNetworkReachabilityManager.h; sourceTree = "<group>"; };
		6E4D37061C0561A2001573E3 /* AFNetworkReachabilityManager.m */ = {isa = PBXFileReference; fileEncoding = 4; lastKnownFileType = sourcecode.c.objc; path = AFNetworkReachabilityManager.m; sourceTree = "<group>"; };
		6E4D37071C0561A2001573E3 /* AFSecurityPolicy.h */ = {isa = PBXFileReference; fileEncoding = 4; lastKnownFileType = sourcecode.c.h; path = AFSecurityPolicy.h; sourceTree = "<group>"; };
		6E4D37081C0561A2001573E3 /* AFSecurityPolicy.m */ = {isa = PBXFileReference; fileEncoding = 4; lastKnownFileType = sourcecode.c.objc; path = AFSecurityPolicy.m; sourceTree = "<group>"; };
		6E4D37091C0561A2001573E3 /* AFURLConnectionOperation.h */ = {isa = PBXFileReference; fileEncoding = 4; lastKnownFileType = sourcecode.c.h; path = AFURLConnectionOperation.h; sourceTree = "<group>"; };
		6E4D370A1C0561A2001573E3 /* AFURLConnectionOperation.m */ = {isa = PBXFileReference; fileEncoding = 4; lastKnownFileType = sourcecode.c.objc; path = AFURLConnectionOperation.m; sourceTree = "<group>"; };
		6E4D370B1C0561A2001573E3 /* AFURLRequestSerialization.h */ = {isa = PBXFileReference; fileEncoding = 4; lastKnownFileType = sourcecode.c.h; path = AFURLRequestSerialization.h; sourceTree = "<group>"; };
		6E4D370C1C0561A2001573E3 /* AFURLRequestSerialization.m */ = {isa = PBXFileReference; fileEncoding = 4; lastKnownFileType = sourcecode.c.objc; path = AFURLRequestSerialization.m; sourceTree = "<group>"; };
		6E4D370D1C0561A2001573E3 /* AFURLResponseSerialization.h */ = {isa = PBXFileReference; fileEncoding = 4; lastKnownFileType = sourcecode.c.h; path = AFURLResponseSerialization.h; sourceTree = "<group>"; };
		6E4D370E1C0561A2001573E3 /* AFURLResponseSerialization.m */ = {isa = PBXFileReference; fileEncoding = 4; lastKnownFileType = sourcecode.c.objc; path = AFURLResponseSerialization.m; sourceTree = "<group>"; };
		6E4D370F1C0561A2001573E3 /* AFURLSessionManager.h */ = {isa = PBXFileReference; fileEncoding = 4; lastKnownFileType = sourcecode.c.h; path = AFURLSessionManager.h; sourceTree = "<group>"; };
		6E4D37101C0561A2001573E3 /* AFURLSessionManager.m */ = {isa = PBXFileReference; fileEncoding = 4; lastKnownFileType = sourcecode.c.objc; path = AFURLSessionManager.m; sourceTree = "<group>"; };
		6E4D37121C0561A2001573E3 /* AFNetworkActivityIndicatorManager.h */ = {isa = PBXFileReference; fileEncoding = 4; lastKnownFileType = sourcecode.c.h; path = AFNetworkActivityIndicatorManager.h; sourceTree = "<group>"; };
		6E4D37131C0561A2001573E3 /* AFNetworkActivityIndicatorManager.m */ = {isa = PBXFileReference; fileEncoding = 4; lastKnownFileType = sourcecode.c.objc; path = AFNetworkActivityIndicatorManager.m; sourceTree = "<group>"; };
		6E4D37141C0561A2001573E3 /* UIActivityIndicatorView+AFNetworking.h */ = {isa = PBXFileReference; fileEncoding = 4; lastKnownFileType = sourcecode.c.h; path = "UIActivityIndicatorView+AFNetworking.h"; sourceTree = "<group>"; };
		6E4D37151C0561A2001573E3 /* UIActivityIndicatorView+AFNetworking.m */ = {isa = PBXFileReference; fileEncoding = 4; lastKnownFileType = sourcecode.c.objc; path = "UIActivityIndicatorView+AFNetworking.m"; sourceTree = "<group>"; };
		6E4D37161C0561A2001573E3 /* UIAlertView+AFNetworking.h */ = {isa = PBXFileReference; fileEncoding = 4; lastKnownFileType = sourcecode.c.h; path = "UIAlertView+AFNetworking.h"; sourceTree = "<group>"; };
		6E4D37171C0561A2001573E3 /* UIAlertView+AFNetworking.m */ = {isa = PBXFileReference; fileEncoding = 4; lastKnownFileType = sourcecode.c.objc; path = "UIAlertView+AFNetworking.m"; sourceTree = "<group>"; };
		6E4D37181C0561A2001573E3 /* UIButton+AFNetworking.h */ = {isa = PBXFileReference; fileEncoding = 4; lastKnownFileType = sourcecode.c.h; path = "UIButton+AFNetworking.h"; sourceTree = "<group>"; };
		6E4D37191C0561A2001573E3 /* UIButton+AFNetworking.m */ = {isa = PBXFileReference; fileEncoding = 4; lastKnownFileType = sourcecode.c.objc; path = "UIButton+AFNetworking.m"; sourceTree = "<group>"; };
		6E4D371A1C0561A2001573E3 /* UIImage+AFNetworking.h */ = {isa = PBXFileReference; fileEncoding = 4; lastKnownFileType = sourcecode.c.h; path = "UIImage+AFNetworking.h"; sourceTree = "<group>"; };
		6E4D371B1C0561A2001573E3 /* UIImageView+AFNetworking.h */ = {isa = PBXFileReference; fileEncoding = 4; lastKnownFileType = sourcecode.c.h; path = "UIImageView+AFNetworking.h"; sourceTree = "<group>"; };
		6E4D371C1C0561A2001573E3 /* UIImageView+AFNetworking.m */ = {isa = PBXFileReference; fileEncoding = 4; lastKnownFileType = sourcecode.c.objc; path = "UIImageView+AFNetworking.m"; sourceTree = "<group>"; };
		6E4D371D1C0561A2001573E3 /* UIKit+AFNetworking.h */ = {isa = PBXFileReference; fileEncoding = 4; lastKnownFileType = sourcecode.c.h; path = "UIKit+AFNetworking.h"; sourceTree = "<group>"; };
		6E4D371E1C0561A2001573E3 /* UIProgressView+AFNetworking.h */ = {isa = PBXFileReference; fileEncoding = 4; lastKnownFileType = sourcecode.c.h; path = "UIProgressView+AFNetworking.h"; sourceTree = "<group>"; };
		6E4D371F1C0561A2001573E3 /* UIProgressView+AFNetworking.m */ = {isa = PBXFileReference; fileEncoding = 4; lastKnownFileType = sourcecode.c.objc; path = "UIProgressView+AFNetworking.m"; sourceTree = "<group>"; };
		6E4D37201C0561A2001573E3 /* UIRefreshControl+AFNetworking.h */ = {isa = PBXFileReference; fileEncoding = 4; lastKnownFileType = sourcecode.c.h; path = "UIRefreshControl+AFNetworking.h"; sourceTree = "<group>"; };
		6E4D37211C0561A2001573E3 /* UIRefreshControl+AFNetworking.m */ = {isa = PBXFileReference; fileEncoding = 4; lastKnownFileType = sourcecode.c.objc; path = "UIRefreshControl+AFNetworking.m"; sourceTree = "<group>"; };
		6E4D37221C0561A2001573E3 /* UIWebView+AFNetworking.h */ = {isa = PBXFileReference; fileEncoding = 4; lastKnownFileType = sourcecode.c.h; path = "UIWebView+AFNetworking.h"; sourceTree = "<group>"; };
		6E4D37231C0561A2001573E3 /* UIWebView+AFNetworking.m */ = {isa = PBXFileReference; fileEncoding = 4; lastKnownFileType = sourcecode.c.objc; path = "UIWebView+AFNetworking.m"; sourceTree = "<group>"; };
		6E4D37381C05628C001573E3 /* MBProgressHUD.h */ = {isa = PBXFileReference; fileEncoding = 4; lastKnownFileType = sourcecode.c.h; path = MBProgressHUD.h; sourceTree = "<group>"; };
		6E4D37391C05628C001573E3 /* MBProgressHUD.m */ = {isa = PBXFileReference; fileEncoding = 4; lastKnownFileType = sourcecode.c.objc; path = MBProgressHUD.m; sourceTree = "<group>"; };
		6E4D373B1C056384001573E3 /* MKAnnotationView+WebCache.h */ = {isa = PBXFileReference; fileEncoding = 4; lastKnownFileType = sourcecode.c.h; path = "MKAnnotationView+WebCache.h"; sourceTree = "<group>"; };
		6E4D373C1C056384001573E3 /* MKAnnotationView+WebCache.m */ = {isa = PBXFileReference; fileEncoding = 4; lastKnownFileType = sourcecode.c.objc; path = "MKAnnotationView+WebCache.m"; sourceTree = "<group>"; };
		6E4D373D1C056384001573E3 /* NSData+ImageContentType.h */ = {isa = PBXFileReference; fileEncoding = 4; lastKnownFileType = sourcecode.c.h; path = "NSData+ImageContentType.h"; sourceTree = "<group>"; };
		6E4D373E1C056384001573E3 /* NSData+ImageContentType.m */ = {isa = PBXFileReference; fileEncoding = 4; lastKnownFileType = sourcecode.c.objc; path = "NSData+ImageContentType.m"; sourceTree = "<group>"; };
		6E4D373F1C056384001573E3 /* SDImageCache.h */ = {isa = PBXFileReference; fileEncoding = 4; lastKnownFileType = sourcecode.c.h; path = SDImageCache.h; sourceTree = "<group>"; };
		6E4D37401C056384001573E3 /* SDImageCache.m */ = {isa = PBXFileReference; fileEncoding = 4; lastKnownFileType = sourcecode.c.objc; path = SDImageCache.m; sourceTree = "<group>"; };
		6E4D37411C056384001573E3 /* SDWebImageCompat.h */ = {isa = PBXFileReference; fileEncoding = 4; lastKnownFileType = sourcecode.c.h; path = SDWebImageCompat.h; sourceTree = "<group>"; };
		6E4D37421C056384001573E3 /* SDWebImageCompat.m */ = {isa = PBXFileReference; fileEncoding = 4; lastKnownFileType = sourcecode.c.objc; path = SDWebImageCompat.m; sourceTree = "<group>"; };
		6E4D37431C056384001573E3 /* SDWebImageDecoder.h */ = {isa = PBXFileReference; fileEncoding = 4; lastKnownFileType = sourcecode.c.h; path = SDWebImageDecoder.h; sourceTree = "<group>"; };
		6E4D37441C056384001573E3 /* SDWebImageDecoder.m */ = {isa = PBXFileReference; fileEncoding = 4; lastKnownFileType = sourcecode.c.objc; path = SDWebImageDecoder.m; sourceTree = "<group>"; };
		6E4D37451C056384001573E3 /* SDWebImageDownloader.h */ = {isa = PBXFileReference; fileEncoding = 4; lastKnownFileType = sourcecode.c.h; path = SDWebImageDownloader.h; sourceTree = "<group>"; };
		6E4D37461C056384001573E3 /* SDWebImageDownloader.m */ = {isa = PBXFileReference; fileEncoding = 4; lastKnownFileType = sourcecode.c.objc; path = SDWebImageDownloader.m; sourceTree = "<group>"; };
		6E4D37471C056384001573E3 /* SDWebImageDownloaderOperation.h */ = {isa = PBXFileReference; fileEncoding = 4; lastKnownFileType = sourcecode.c.h; path = SDWebImageDownloaderOperation.h; sourceTree = "<group>"; };
		6E4D37481C056384001573E3 /* SDWebImageDownloaderOperation.m */ = {isa = PBXFileReference; fileEncoding = 4; lastKnownFileType = sourcecode.c.objc; path = SDWebImageDownloaderOperation.m; sourceTree = "<group>"; };
		6E4D37491C056384001573E3 /* SDWebImageManager.h */ = {isa = PBXFileReference; fileEncoding = 4; lastKnownFileType = sourcecode.c.h; path = SDWebImageManager.h; sourceTree = "<group>"; };
		6E4D374A1C056384001573E3 /* SDWebImageManager.m */ = {isa = PBXFileReference; fileEncoding = 4; lastKnownFileType = sourcecode.c.objc; path = SDWebImageManager.m; sourceTree = "<group>"; };
		6E4D374B1C056384001573E3 /* SDWebImageOperation.h */ = {isa = PBXFileReference; fileEncoding = 4; lastKnownFileType = sourcecode.c.h; path = SDWebImageOperation.h; sourceTree = "<group>"; };
		6E4D374C1C056384001573E3 /* SDWebImagePrefetcher.h */ = {isa = PBXFileReference; fileEncoding = 4; lastKnownFileType = sourcecode.c.h; path = SDWebImagePrefetcher.h; sourceTree = "<group>"; };
		6E4D374D1C056384001573E3 /* SDWebImagePrefetcher.m */ = {isa = PBXFileReference; fileEncoding = 4; lastKnownFileType = sourcecode.c.objc; path = SDWebImagePrefetcher.m; sourceTree = "<group>"; };
		6E4D374E1C056384001573E3 /* UIButton+WebCache.h */ = {isa = PBXFileReference; fileEncoding = 4; lastKnownFileType = sourcecode.c.h; path = "UIButton+WebCache.h"; sourceTree = "<group>"; };
		6E4D374F1C056384001573E3 /* UIButton+WebCache.m */ = {isa = PBXFileReference; fileEncoding = 4; lastKnownFileType = sourcecode.c.objc; path = "UIButton+WebCache.m"; sourceTree = "<group>"; };
		6E4D37501C056384001573E3 /* UIImage+GIF.h */ = {isa = PBXFileReference; fileEncoding = 4; lastKnownFileType = sourcecode.c.h; path = "UIImage+GIF.h"; sourceTree = "<group>"; };
		6E4D37511C056384001573E3 /* UIImage+GIF.m */ = {isa = PBXFileReference; fileEncoding = 4; lastKnownFileType = sourcecode.c.objc; path = "UIImage+GIF.m"; sourceTree = "<group>"; };
		6E4D37521C056384001573E3 /* UIImage+MultiFormat.h */ = {isa = PBXFileReference; fileEncoding = 4; lastKnownFileType = sourcecode.c.h; path = "UIImage+MultiFormat.h"; sourceTree = "<group>"; };
		6E4D37531C056384001573E3 /* UIImage+MultiFormat.m */ = {isa = PBXFileReference; fileEncoding = 4; lastKnownFileType = sourcecode.c.objc; path = "UIImage+MultiFormat.m"; sourceTree = "<group>"; };
		6E4D37541C056384001573E3 /* UIImage+WebP.h */ = {isa = PBXFileReference; fileEncoding = 4; lastKnownFileType = sourcecode.c.h; path = "UIImage+WebP.h"; sourceTree = "<group>"; };
		6E4D37551C056384001573E3 /* UIImage+WebP.m */ = {isa = PBXFileReference; fileEncoding = 4; lastKnownFileType = sourcecode.c.objc; path = "UIImage+WebP.m"; sourceTree = "<group>"; };
		6E4D37561C056384001573E3 /* UIImageView+HighlightedWebCache.h */ = {isa = PBXFileReference; fileEncoding = 4; lastKnownFileType = sourcecode.c.h; path = "UIImageView+HighlightedWebCache.h"; sourceTree = "<group>"; };
		6E4D37571C056384001573E3 /* UIImageView+HighlightedWebCache.m */ = {isa = PBXFileReference; fileEncoding = 4; lastKnownFileType = sourcecode.c.objc; path = "UIImageView+HighlightedWebCache.m"; sourceTree = "<group>"; };
		6E4D37581C056384001573E3 /* UIImageView+WebCache.h */ = {isa = PBXFileReference; fileEncoding = 4; lastKnownFileType = sourcecode.c.h; path = "UIImageView+WebCache.h"; sourceTree = "<group>"; };
		6E4D37591C056384001573E3 /* UIImageView+WebCache.m */ = {isa = PBXFileReference; fileEncoding = 4; lastKnownFileType = sourcecode.c.objc; path = "UIImageView+WebCache.m"; sourceTree = "<group>"; };
		6E4D375A1C056384001573E3 /* UIView+WebCacheOperation.h */ = {isa = PBXFileReference; fileEncoding = 4; lastKnownFileType = sourcecode.c.h; path = "UIView+WebCacheOperation.h"; sourceTree = "<group>"; };
		6E4D375B1C056384001573E3 /* UIView+WebCacheOperation.m */ = {isa = PBXFileReference; fileEncoding = 4; lastKnownFileType = sourcecode.c.objc; path = "UIView+WebCacheOperation.m"; sourceTree = "<group>"; };
		6E4D376C1C0564C9001573E3 /* ImageIO.framework */ = {isa = PBXFileReference; lastKnownFileType = wrapper.framework; name = ImageIO.framework; path = System/Library/Frameworks/ImageIO.framework; sourceTree = SDKROOT; };
		6E4D376F1C056619001573E3 /* AirCloudNetAPIClient.h */ = {isa = PBXFileReference; fileEncoding = 4; lastKnownFileType = sourcecode.c.h; path = AirCloudNetAPIClient.h; sourceTree = "<group>"; };
		6E4D37701C056619001573E3 /* AirCloudNetAPIClient.m */ = {isa = PBXFileReference; fileEncoding = 4; lastKnownFileType = sourcecode.c.objc; path = AirCloudNetAPIClient.m; sourceTree = "<group>"; };
		6E4D37711C056619001573E3 /* AirCloudNetAPIManager.h */ = {isa = PBXFileReference; fileEncoding = 4; lastKnownFileType = sourcecode.c.h; path = AirCloudNetAPIManager.h; sourceTree = "<group>"; };
		6E4D37721C056619001573E3 /* AirCloudNetAPIManager.m */ = {isa = PBXFileReference; fileEncoding = 4; lastKnownFileType = sourcecode.c.objc; path = AirCloudNetAPIManager.m; sourceTree = "<group>"; };
		6E4D37741C056619001573E3 /* GeneralToolObject.h */ = {isa = PBXFileReference; fileEncoding = 4; lastKnownFileType = sourcecode.c.h; path = GeneralToolObject.h; sourceTree = "<group>"; };
		6E4D37751C056619001573E3 /* GeneralToolObject.m */ = {isa = PBXFileReference; fileEncoding = 4; lastKnownFileType = sourcecode.c.objc; path = GeneralToolObject.m; sourceTree = "<group>"; };
		6E4D37771C056619001573E3 /* BaseNavigationController.h */ = {isa = PBXFileReference; fileEncoding = 4; lastKnownFileType = sourcecode.c.h; path = BaseNavigationController.h; sourceTree = "<group>"; };
		6E4D37781C056619001573E3 /* BaseNavigationController.m */ = {isa = PBXFileReference; fileEncoding = 4; lastKnownFileType = sourcecode.c.objc; path = BaseNavigationController.m; sourceTree = "<group>"; };
		6E4D37791C056619001573E3 /* BaseTabBarController.h */ = {isa = PBXFileReference; fileEncoding = 4; lastKnownFileType = sourcecode.c.h; path = BaseTabBarController.h; sourceTree = "<group>"; };
		6E4D377A1C056619001573E3 /* BaseTabBarController.m */ = {isa = PBXFileReference; fileEncoding = 4; lastKnownFileType = sourcecode.c.objc; path = BaseTabBarController.m; sourceTree = "<group>"; };
		6E4D377B1C056619001573E3 /* UIImage_extra.h */ = {isa = PBXFileReference; fileEncoding = 4; lastKnownFileType = sourcecode.c.h; path = UIImage_extra.h; sourceTree = "<group>"; };
		6E4D377C1C056619001573E3 /* UIImage_extra.m */ = {isa = PBXFileReference; fileEncoding = 4; lastKnownFileType = sourcecode.c.objc; path = UIImage_extra.m; sourceTree = "<group>"; };
		6E4D377D1C056619001573E3 /* UINavigationItem+margin.h */ = {isa = PBXFileReference; fileEncoding = 4; lastKnownFileType = sourcecode.c.h; path = "UINavigationItem+margin.h"; sourceTree = "<group>"; };
		6E4D377E1C056619001573E3 /* UINavigationItem+margin.m */ = {isa = PBXFileReference; fileEncoding = 4; lastKnownFileType = sourcecode.c.objc; path = "UINavigationItem+margin.m"; sourceTree = "<group>"; };
		6E4D377F1C056619001573E3 /* UIViewController+NavigationBar.h */ = {isa = PBXFileReference; fileEncoding = 4; lastKnownFileType = sourcecode.c.h; path = "UIViewController+NavigationBar.h"; sourceTree = "<group>"; };
		6E4D37801C056619001573E3 /* UIViewController+NavigationBar.m */ = {isa = PBXFileReference; fileEncoding = 4; lastKnownFileType = sourcecode.c.objc; path = "UIViewController+NavigationBar.m"; sourceTree = "<group>"; };
		6E4D37821C056619001573E3 /* CustomMBHud.h */ = {isa = PBXFileReference; fileEncoding = 4; lastKnownFileType = sourcecode.c.h; path = CustomMBHud.h; sourceTree = "<group>"; };
		6E4D37831C056619001573E3 /* CustomMBHud.m */ = {isa = PBXFileReference; fileEncoding = 4; lastKnownFileType = sourcecode.c.objc; path = CustomMBHud.m; sourceTree = "<group>"; };
		6E4D378E1C0568B1001573E3 /* MJRefresh.bundle */ = {isa = PBXFileReference; lastKnownFileType = "wrapper.plug-in"; path = MJRefresh.bundle; sourceTree = "<group>"; };
		6E4D378F1C0568B1001573E3 /* MJRefresh.h */ = {isa = PBXFileReference; fileEncoding = 4; lastKnownFileType = sourcecode.c.h; path = MJRefresh.h; sourceTree = "<group>"; };
		6E4D37901C0568B1001573E3 /* MJRefreshComponent.h */ = {isa = PBXFileReference; fileEncoding = 4; lastKnownFileType = sourcecode.c.h; path = MJRefreshComponent.h; sourceTree = "<group>"; };
		6E4D37911C0568B1001573E3 /* MJRefreshComponent.m */ = {isa = PBXFileReference; fileEncoding = 4; lastKnownFileType = sourcecode.c.objc; path = MJRefreshComponent.m; sourceTree = "<group>"; };
		6E4D37921C0568B1001573E3 /* MJRefreshConst.h */ = {isa = PBXFileReference; fileEncoding = 4; lastKnownFileType = sourcecode.c.h; path = MJRefreshConst.h; sourceTree = "<group>"; };
		6E4D37931C0568B1001573E3 /* MJRefreshConst.m */ = {isa = PBXFileReference; fileEncoding = 4; lastKnownFileType = sourcecode.c.objc; path = MJRefreshConst.m; sourceTree = "<group>"; };
		6E4D37941C0568B1001573E3 /* MJRefreshFooter.h */ = {isa = PBXFileReference; fileEncoding = 4; lastKnownFileType = sourcecode.c.h; path = MJRefreshFooter.h; sourceTree = "<group>"; };
		6E4D37951C0568B1001573E3 /* MJRefreshFooter.m */ = {isa = PBXFileReference; fileEncoding = 4; lastKnownFileType = sourcecode.c.objc; path = MJRefreshFooter.m; sourceTree = "<group>"; };
		6E4D37961C0568B1001573E3 /* MJRefreshGifFooter.h */ = {isa = PBXFileReference; fileEncoding = 4; lastKnownFileType = sourcecode.c.h; path = MJRefreshGifFooter.h; sourceTree = "<group>"; };
		6E4D37971C0568B1001573E3 /* MJRefreshGifFooter.m */ = {isa = PBXFileReference; fileEncoding = 4; lastKnownFileType = sourcecode.c.objc; path = MJRefreshGifFooter.m; sourceTree = "<group>"; };
		6E4D37981C0568B1001573E3 /* MJRefreshGifHeader.h */ = {isa = PBXFileReference; fileEncoding = 4; lastKnownFileType = sourcecode.c.h; path = MJRefreshGifHeader.h; sourceTree = "<group>"; };
		6E4D37991C0568B1001573E3 /* MJRefreshGifHeader.m */ = {isa = PBXFileReference; fileEncoding = 4; lastKnownFileType = sourcecode.c.objc; path = MJRefreshGifHeader.m; sourceTree = "<group>"; };
		6E4D379A1C0568B1001573E3 /* MJRefreshHeader.h */ = {isa = PBXFileReference; fileEncoding = 4; lastKnownFileType = sourcecode.c.h; path = MJRefreshHeader.h; sourceTree = "<group>"; };
		6E4D379B1C0568B1001573E3 /* MJRefreshHeader.m */ = {isa = PBXFileReference; fileEncoding = 4; lastKnownFileType = sourcecode.c.objc; path = MJRefreshHeader.m; sourceTree = "<group>"; };
		6E4D379C1C0568B1001573E3 /* MJRefreshLegendFooter.h */ = {isa = PBXFileReference; fileEncoding = 4; lastKnownFileType = sourcecode.c.h; path = MJRefreshLegendFooter.h; sourceTree = "<group>"; };
		6E4D379D1C0568B1001573E3 /* MJRefreshLegendFooter.m */ = {isa = PBXFileReference; fileEncoding = 4; lastKnownFileType = sourcecode.c.objc; path = MJRefreshLegendFooter.m; sourceTree = "<group>"; };
		6E4D379E1C0568B1001573E3 /* MJRefreshLegendHeader.h */ = {isa = PBXFileReference; fileEncoding = 4; lastKnownFileType = sourcecode.c.h; path = MJRefreshLegendHeader.h; sourceTree = "<group>"; };
		6E4D379F1C0568B1001573E3 /* MJRefreshLegendHeader.m */ = {isa = PBXFileReference; fileEncoding = 4; lastKnownFileType = sourcecode.c.objc; path = MJRefreshLegendHeader.m; sourceTree = "<group>"; };
		6E4D37A01C0568B1001573E3 /* UIScrollView+MJExtension.h */ = {isa = PBXFileReference; fileEncoding = 4; lastKnownFileType = sourcecode.c.h; path = "UIScrollView+MJExtension.h"; sourceTree = "<group>"; };
		6E4D37A11C0568B1001573E3 /* UIScrollView+MJExtension.m */ = {isa = PBXFileReference; fileEncoding = 4; lastKnownFileType = sourcecode.c.objc; path = "UIScrollView+MJExtension.m"; sourceTree = "<group>"; };
		6E4D37A21C0568B1001573E3 /* UIScrollView+MJRefresh.h */ = {isa = PBXFileReference; fileEncoding = 4; lastKnownFileType = sourcecode.c.h; path = "UIScrollView+MJRefresh.h"; sourceTree = "<group>"; };
		6E4D37A31C0568B1001573E3 /* UIScrollView+MJRefresh.m */ = {isa = PBXFileReference; fileEncoding = 4; lastKnownFileType = sourcecode.c.objc; path = "UIScrollView+MJRefresh.m"; sourceTree = "<group>"; };
		6E4D37A41C0568B1001573E3 /* UIView+MJExtension.h */ = {isa = PBXFileReference; fileEncoding = 4; lastKnownFileType = sourcecode.c.h; path = "UIView+MJExtension.h"; sourceTree = "<group>"; };
		6E4D37A51C0568B1001573E3 /* UIView+MJExtension.m */ = {isa = PBXFileReference; fileEncoding = 4; lastKnownFileType = sourcecode.c.objc; path = "UIView+MJExtension.m"; sourceTree = "<group>"; };
		6E98972A1C083BD500B9D9E9 /* GuidePageView.h */ = {isa = PBXFileReference; fileEncoding = 4; lastKnownFileType = sourcecode.c.h; path = GuidePageView.h; sourceTree = "<group>"; };
		6E98972B1C083BD500B9D9E9 /* GuidePageView.m */ = {isa = PBXFileReference; fileEncoding = 4; lastKnownFileType = sourcecode.c.objc; path = GuidePageView.m; sourceTree = "<group>"; };
		6EB2ED4B1C04684A002799BD /* CloudPhone.app */ = {isa = PBXFileReference; explicitFileType = wrapper.application; includeInIndex = 0; path = CloudPhone.app; sourceTree = BUILT_PRODUCTS_DIR; };
		6EB2ED4F1C04684A002799BD /* main.m */ = {isa = PBXFileReference; lastKnownFileType = sourcecode.c.objc; path = main.m; sourceTree = "<group>"; };
		6EB2ED511C04684A002799BD /* AppDelegate.h */ = {isa = PBXFileReference; lastKnownFileType = sourcecode.c.h; path = AppDelegate.h; sourceTree = "<group>"; };
		6EB2ED521C04684A002799BD /* AppDelegate.m */ = {isa = PBXFileReference; lastKnownFileType = sourcecode.c.objc; path = AppDelegate.m; sourceTree = "<group>"; };
		6EB2ED5A1C04684A002799BD /* Assets.xcassets */ = {isa = PBXFileReference; lastKnownFileType = folder.assetcatalog; path = Assets.xcassets; sourceTree = "<group>"; };
		6EB2ED5F1C04684A002799BD /* Info.plist */ = {isa = PBXFileReference; lastKnownFileType = text.plist.xml; path = Info.plist; sourceTree = "<group>"; };
		6EB2ED641C04684B002799BD /* CloudPhoneTests.xctest */ = {isa = PBXFileReference; explicitFileType = wrapper.cfbundle; includeInIndex = 0; path = CloudPhoneTests.xctest; sourceTree = BUILT_PRODUCTS_DIR; };
		6EB2ED681C04684B002799BD /* CloudPhoneTests.m */ = {isa = PBXFileReference; lastKnownFileType = sourcecode.c.objc; path = CloudPhoneTests.m; sourceTree = "<group>"; };
		6EB2ED6A1C04684B002799BD /* Info.plist */ = {isa = PBXFileReference; lastKnownFileType = text.plist.xml; path = Info.plist; sourceTree = "<group>"; };
		6EB2ED6F1C04684B002799BD /* CloudPhoneUITests.xctest */ = {isa = PBXFileReference; explicitFileType = wrapper.cfbundle; includeInIndex = 0; path = CloudPhoneUITests.xctest; sourceTree = BUILT_PRODUCTS_DIR; };
		6EB2ED731C04684B002799BD /* CloudPhoneUITests.m */ = {isa = PBXFileReference; lastKnownFileType = sourcecode.c.objc; path = CloudPhoneUITests.m; sourceTree = "<group>"; };
		6EB2ED751C04684B002799BD /* Info.plist */ = {isa = PBXFileReference; lastKnownFileType = text.plist.xml; path = Info.plist; sourceTree = "<group>"; };
		B4AB5C501C0836F300143D29 /* welcome@2x.png */ = {isa = PBXFileReference; lastKnownFileType = image.png; path = "welcome@2x.png"; sourceTree = "<group>"; };
		B4AB5C521C0847CE00143D29 /* pic_touxiang@2x.png */ = {isa = PBXFileReference; lastKnownFileType = image.png; path = "pic_touxiang@2x.png"; sourceTree = "<group>"; };
		B4AB5C541C0853B600143D29 /* pic_zhanghao@2x.png */ = {isa = PBXFileReference; lastKnownFileType = image.png; path = "pic_zhanghao@2x.png"; sourceTree = "<group>"; };
		B4AB5C561C0853F600143D29 /* pic_mima@2x.png */ = {isa = PBXFileReference; lastKnownFileType = image.png; path = "pic_mima@2x.png"; sourceTree = "<group>"; };
		B4AB5C581C085B0700143D29 /* chance_@2x.png */ = {isa = PBXFileReference; lastKnownFileType = image.png; path = "chance_@2x.png"; sourceTree = "<group>"; };
		B4AB5C591C085B0700143D29 /* chance_selected@2x.png */ = {isa = PBXFileReference; lastKnownFileType = image.png; path = "chance_selected@2x.png"; sourceTree = "<group>"; };
		B4DEF6D01C06B0360001407D /* LoginViewController.h */ = {isa = PBXFileReference; fileEncoding = 4; lastKnownFileType = sourcecode.c.h; path = LoginViewController.h; sourceTree = "<group>"; };
		B4DEF6D11C06B0360001407D /* LoginViewController.m */ = {isa = PBXFileReference; fileEncoding = 4; lastKnownFileType = sourcecode.c.objc; path = LoginViewController.m; sourceTree = "<group>"; };
		B4DEF6D61C06BF730001407D /* LoginPasswordViewController.h */ = {isa = PBXFileReference; fileEncoding = 4; lastKnownFileType = sourcecode.c.h; path = LoginPasswordViewController.h; sourceTree = "<group>"; };
		B4DEF6D71C06BF730001407D /* LoginPasswordViewController.m */ = {isa = PBXFileReference; fileEncoding = 4; lastKnownFileType = sourcecode.c.objc; path = LoginPasswordViewController.m; sourceTree = "<group>"; };
		B4DEF6D91C06E1640001407D /* CallbackPasswordViewController.h */ = {isa = PBXFileReference; fileEncoding = 4; lastKnownFileType = sourcecode.c.h; path = CallbackPasswordViewController.h; sourceTree = "<group>"; };
		B4DEF6DA1C06E1640001407D /* CallbackPasswordViewController.m */ = {isa = PBXFileReference; fileEncoding = 4; lastKnownFileType = sourcecode.c.objc; path = CallbackPasswordViewController.m; sourceTree = "<group>"; };
		B4DEF6DC1C06E4920001407D /* ResetPasswordViewController.h */ = {isa = PBXFileReference; fileEncoding = 4; lastKnownFileType = sourcecode.c.h; path = ResetPasswordViewController.h; sourceTree = "<group>"; };
		B4DEF6DD1C06E4920001407D /* ResetPasswordViewController.m */ = {isa = PBXFileReference; fileEncoding = 4; lastKnownFileType = sourcecode.c.objc; path = ResetPasswordViewController.m; sourceTree = "<group>"; };
		B4DEF6E31C06F9470001407D /* UIColor+Category.h */ = {isa = PBXFileReference; fileEncoding = 4; lastKnownFileType = sourcecode.c.h; name = "UIColor+Category.h"; path = "../../Global/UIColor+Category.h"; sourceTree = "<group>"; };
		B4DEF6E41C06F9470001407D /* UIColor+Category.m */ = {isa = PBXFileReference; fileEncoding = 4; lastKnownFileType = sourcecode.c.objc; name = "UIColor+Category.m"; path = "../../Global/UIColor+Category.m"; sourceTree = "<group>"; };
		B4DEF6E61C06FC3D0001407D /* ColorTool.h */ = {isa = PBXFileReference; fileEncoding = 4; lastKnownFileType = sourcecode.c.h; path = ColorTool.h; sourceTree = "<group>"; };
		B4DEF6E71C06FC3D0001407D /* ColorTool.m */ = {isa = PBXFileReference; fileEncoding = 4; lastKnownFileType = sourcecode.c.objc; path = ColorTool.m; sourceTree = "<group>"; };
/* End PBXFileReference section */

/* Begin PBXFrameworksBuildPhase section */
		6EB2ED481C04684A002799BD /* Frameworks */ = {
			isa = PBXFrameworksBuildPhase;
			buildActionMask = 2147483647;
			files = (
				6E4D376D1C0564C9001573E3 /* ImageIO.framework in Frameworks */,
				6E4D36FC1C056148001573E3 /* CoreGraphics.framework in Frameworks */,
				6E4D36FA1C05613D001573E3 /* Foundation.framework in Frameworks */,
				6E4D36F81C056133001573E3 /* UIKit.framework in Frameworks */,
				6E4D36F61C05612D001573E3 /* CoreLocation.framework in Frameworks */,
				6E4D36F21C056109001573E3 /* Security.framework in Frameworks */,
				6E4D36F41C056117001573E3 /* SystemConfiguration.framework in Frameworks */,
				6E4D36F01C056102001573E3 /* MobileCoreServices.framework in Frameworks */,
			);
			runOnlyForDeploymentPostprocessing = 0;
		};
		6EB2ED611C04684B002799BD /* Frameworks */ = {
			isa = PBXFrameworksBuildPhase;
			buildActionMask = 2147483647;
			files = (
			);
			runOnlyForDeploymentPostprocessing = 0;
		};
		6EB2ED6C1C04684B002799BD /* Frameworks */ = {
			isa = PBXFrameworksBuildPhase;
			buildActionMask = 2147483647;
			files = (
			);
			runOnlyForDeploymentPostprocessing = 0;
		};
/* End PBXFrameworksBuildPhase section */

/* Begin PBXGroup section */
		6E2E8A6C1C069F8B000E6C2D /* LoginModular */ = {
			isa = PBXGroup;
			children = (
				6E2E8A6D1C06A004000E6C2D /* RegisterLoginViewController.h */,
				6E2E8A6E1C06A004000E6C2D /* RegisterLoginViewController.m */,
				6E2E8A701C06A20E000E6C2D /* RegisterViewController.h */,
				6E2E8A711C06A20E000E6C2D /* RegisterViewController.m */,
				B4DEF6D61C06BF730001407D /* LoginPasswordViewController.h */,
				B4DEF6D71C06BF730001407D /* LoginPasswordViewController.m */,
				B4DEF6D01C06B0360001407D /* LoginViewController.h */,
				B4DEF6D11C06B0360001407D /* LoginViewController.m */,
				B4DEF6D91C06E1640001407D /* CallbackPasswordViewController.h */,
				B4DEF6DA1C06E1640001407D /* CallbackPasswordViewController.m */,
				B4DEF6DC1C06E4920001407D /* ResetPasswordViewController.h */,
				B4DEF6DD1C06E4920001407D /* ResetPasswordViewController.m */,
			);
			path = LoginModular;
			sourceTree = "<group>";
		};
		6E4D36DF1C055D93001573E3 /* Global */ = {
			isa = PBXGroup;
			children = (
				6E4D36E11C055D93001573E3 /* Global.h */,
				6E4D36E21C055D93001573E3 /* Global.m */,
				6E4D36E01C055D93001573E3 /* APIUrl.h */,
				6E4D36E31C055D93001573E3 /* Macros.h */,
			);
			path = Global;
			sourceTree = "<group>";
		};
		6E4D36E51C055EAE001573E3 /* Controllers */ = {
			isa = PBXGroup;
			children = (
				6E2E8A6C1C069F8B000E6C2D /* LoginModular */,
			);
			path = Controllers;
			sourceTree = "<group>";
		};
		6E4D36E61C055EAE001573E3 /* Models */ = {
			isa = PBXGroup;
			children = (
			);
			path = Models;
			sourceTree = "<group>";
		};
		6E4D36E71C055EAE001573E3 /* Views */ = {
			isa = PBXGroup;
			children = (
				6E98972A1C083BD500B9D9E9 /* GuidePageView.h */,
				6E98972B1C083BD500B9D9E9 /* GuidePageView.m */,
			);
			path = Views;
			sourceTree = "<group>";
		};
		6E4D36E81C055EFE001573E3 /* Util */ = {
			isa = PBXGroup;
			children = (
				6E4D376E1C056619001573E3 /* AFNetworkingBase */,
				6E4D37731C056619001573E3 /* Common */,
				6E4D37761C056619001573E3 /* CustomControlView */,
				6E4D37811C056619001573E3 /* CustomMBHud */,
			);
			path = Util;
			sourceTree = "<group>";
		};
		6E4D36E91C055F03001573E3 /* Vendor */ = {
			isa = PBXGroup;
			children = (
				6E4D378D1C0568B1001573E3 /* MJRefresh */,
				6E4D36EA1C05609B001573E3 /* AFNetWorkingVendor */,
				6E4D36EB1C05609B001573E3 /* FMDB */,
				6E4D36EC1C05609B001573E3 /* MBProgressHUD */,
				6E4D36ED1C05609B001573E3 /* SDWebImage */,
			);
			path = Vendor;
			sourceTree = "<group>";
		};
		6E4D36EA1C05609B001573E3 /* AFNetWorkingVendor */ = {
			isa = PBXGroup;
			children = (
				6E4D36FD1C0561A2001573E3 /* AFNetworking */,
				6E4D37111C0561A2001573E3 /* UIKit+AFNetworking */,
			);
			path = AFNetWorkingVendor;
			sourceTree = "<group>";
		};
		6E4D36EB1C05609B001573E3 /* FMDB */ = {
			isa = PBXGroup;
			children = (
			);
			path = FMDB;
			sourceTree = "<group>";
		};
		6E4D36EC1C05609B001573E3 /* MBProgressHUD */ = {
			isa = PBXGroup;
			children = (
				6E4D37381C05628C001573E3 /* MBProgressHUD.h */,
				6E4D37391C05628C001573E3 /* MBProgressHUD.m */,
			);
			path = MBProgressHUD;
			sourceTree = "<group>";
		};
		6E4D36ED1C05609B001573E3 /* SDWebImage */ = {
			isa = PBXGroup;
			children = (
				6E4D373B1C056384001573E3 /* MKAnnotationView+WebCache.h */,
				6E4D373C1C056384001573E3 /* MKAnnotationView+WebCache.m */,
				6E4D373D1C056384001573E3 /* NSData+ImageContentType.h */,
				6E4D373E1C056384001573E3 /* NSData+ImageContentType.m */,
				6E4D373F1C056384001573E3 /* SDImageCache.h */,
				6E4D37401C056384001573E3 /* SDImageCache.m */,
				6E4D37411C056384001573E3 /* SDWebImageCompat.h */,
				6E4D37421C056384001573E3 /* SDWebImageCompat.m */,
				6E4D37431C056384001573E3 /* SDWebImageDecoder.h */,
				6E4D37441C056384001573E3 /* SDWebImageDecoder.m */,
				6E4D37451C056384001573E3 /* SDWebImageDownloader.h */,
				6E4D37461C056384001573E3 /* SDWebImageDownloader.m */,
				6E4D37471C056384001573E3 /* SDWebImageDownloaderOperation.h */,
				6E4D37481C056384001573E3 /* SDWebImageDownloaderOperation.m */,
				6E4D37491C056384001573E3 /* SDWebImageManager.h */,
				6E4D374A1C056384001573E3 /* SDWebImageManager.m */,
				6E4D374B1C056384001573E3 /* SDWebImageOperation.h */,
				6E4D374C1C056384001573E3 /* SDWebImagePrefetcher.h */,
				6E4D374D1C056384001573E3 /* SDWebImagePrefetcher.m */,
				6E4D374E1C056384001573E3 /* UIButton+WebCache.h */,
				6E4D374F1C056384001573E3 /* UIButton+WebCache.m */,
				6E4D37501C056384001573E3 /* UIImage+GIF.h */,
				6E4D37511C056384001573E3 /* UIImage+GIF.m */,
				6E4D37521C056384001573E3 /* UIImage+MultiFormat.h */,
				6E4D37531C056384001573E3 /* UIImage+MultiFormat.m */,
				6E4D37541C056384001573E3 /* UIImage+WebP.h */,
				6E4D37551C056384001573E3 /* UIImage+WebP.m */,
				6E4D37561C056384001573E3 /* UIImageView+HighlightedWebCache.h */,
				6E4D37571C056384001573E3 /* UIImageView+HighlightedWebCache.m */,
				6E4D37581C056384001573E3 /* UIImageView+WebCache.h */,
				6E4D37591C056384001573E3 /* UIImageView+WebCache.m */,
				6E4D375A1C056384001573E3 /* UIView+WebCacheOperation.h */,
				6E4D375B1C056384001573E3 /* UIView+WebCacheOperation.m */,
			);
			path = SDWebImage;
			sourceTree = "<group>";
		};
		6E4D36EE1C0560D9001573E3 /* Frameworks */ = {
			isa = PBXGroup;
			children = (
				6E4D376C1C0564C9001573E3 /* ImageIO.framework */,
				6E4D36FB1C056148001573E3 /* CoreGraphics.framework */,
				6E4D36F91C05613D001573E3 /* Foundation.framework */,
				6E4D36F71C056133001573E3 /* UIKit.framework */,
				6E4D36F51C05612D001573E3 /* CoreLocation.framework */,
				6E4D36F31C056117001573E3 /* SystemConfiguration.framework */,
				6E4D36F11C056109001573E3 /* Security.framework */,
				6E4D36EF1C056102001573E3 /* MobileCoreServices.framework */,
			);
			name = Frameworks;
			sourceTree = "<group>";
		};
		6E4D36FD1C0561A2001573E3 /* AFNetworking */ = {
			isa = PBXGroup;
			children = (
				6E4D36FE1C0561A2001573E3 /* AFHTTPRequestOperation.h */,
				6E4D36FF1C0561A2001573E3 /* AFHTTPRequestOperation.m */,
				6E4D37001C0561A2001573E3 /* AFHTTPRequestOperationManager.h */,
				6E4D37011C0561A2001573E3 /* AFHTTPRequestOperationManager.m */,
				6E4D37021C0561A2001573E3 /* AFHTTPSessionManager.h */,
				6E4D37031C0561A2001573E3 /* AFHTTPSessionManager.m */,
				6E4D37041C0561A2001573E3 /* AFNetworking.h */,
				6E4D37051C0561A2001573E3 /* AFNetworkReachabilityManager.h */,
				6E4D37061C0561A2001573E3 /* AFNetworkReachabilityManager.m */,
				6E4D37071C0561A2001573E3 /* AFSecurityPolicy.h */,
				6E4D37081C0561A2001573E3 /* AFSecurityPolicy.m */,
				6E4D37091C0561A2001573E3 /* AFURLConnectionOperation.h */,
				6E4D370A1C0561A2001573E3 /* AFURLConnectionOperation.m */,
				6E4D370B1C0561A2001573E3 /* AFURLRequestSerialization.h */,
				6E4D370C1C0561A2001573E3 /* AFURLRequestSerialization.m */,
				6E4D370D1C0561A2001573E3 /* AFURLResponseSerialization.h */,
				6E4D370E1C0561A2001573E3 /* AFURLResponseSerialization.m */,
				6E4D370F1C0561A2001573E3 /* AFURLSessionManager.h */,
				6E4D37101C0561A2001573E3 /* AFURLSessionManager.m */,
			);
			path = AFNetworking;
			sourceTree = "<group>";
		};
		6E4D37111C0561A2001573E3 /* UIKit+AFNetworking */ = {
			isa = PBXGroup;
			children = (
				6E4D37121C0561A2001573E3 /* AFNetworkActivityIndicatorManager.h */,
				6E4D37131C0561A2001573E3 /* AFNetworkActivityIndicatorManager.m */,
				6E4D37141C0561A2001573E3 /* UIActivityIndicatorView+AFNetworking.h */,
				6E4D37151C0561A2001573E3 /* UIActivityIndicatorView+AFNetworking.m */,
				6E4D37161C0561A2001573E3 /* UIAlertView+AFNetworking.h */,
				6E4D37171C0561A2001573E3 /* UIAlertView+AFNetworking.m */,
				6E4D37181C0561A2001573E3 /* UIButton+AFNetworking.h */,
				6E4D37191C0561A2001573E3 /* UIButton+AFNetworking.m */,
				6E4D371A1C0561A2001573E3 /* UIImage+AFNetworking.h */,
				6E4D371B1C0561A2001573E3 /* UIImageView+AFNetworking.h */,
				6E4D371C1C0561A2001573E3 /* UIImageView+AFNetworking.m */,
				6E4D371D1C0561A2001573E3 /* UIKit+AFNetworking.h */,
				6E4D371E1C0561A2001573E3 /* UIProgressView+AFNetworking.h */,
				6E4D371F1C0561A2001573E3 /* UIProgressView+AFNetworking.m */,
				6E4D37201C0561A2001573E3 /* UIRefreshControl+AFNetworking.h */,
				6E4D37211C0561A2001573E3 /* UIRefreshControl+AFNetworking.m */,
				6E4D37221C0561A2001573E3 /* UIWebView+AFNetworking.h */,
				6E4D37231C0561A2001573E3 /* UIWebView+AFNetworking.m */,
			);
			path = "UIKit+AFNetworking";
			sourceTree = "<group>";
		};
		6E4D376E1C056619001573E3 /* AFNetworkingBase */ = {
			isa = PBXGroup;
			children = (
				6E4D376F1C056619001573E3 /* AirCloudNetAPIClient.h */,
				6E4D37701C056619001573E3 /* AirCloudNetAPIClient.m */,
				6E4D37711C056619001573E3 /* AirCloudNetAPIManager.h */,
				6E4D37721C056619001573E3 /* AirCloudNetAPIManager.m */,
			);
			path = AFNetworkingBase;
			sourceTree = "<group>";
		};
		6E4D37731C056619001573E3 /* Common */ = {
			isa = PBXGroup;
			children = (
				B4DEF6E31C06F9470001407D /* UIColor+Category.h */,
				B4DEF6E41C06F9470001407D /* UIColor+Category.m */,
				B4DEF6E61C06FC3D0001407D /* ColorTool.h */,
				B4DEF6E71C06FC3D0001407D /* ColorTool.m */,
				6E4D37741C056619001573E3 /* GeneralToolObject.h */,
				6E4D37751C056619001573E3 /* GeneralToolObject.m */,
			);
			path = Common;
			sourceTree = "<group>";
		};
		6E4D37761C056619001573E3 /* CustomControlView */ = {
			isa = PBXGroup;
			children = (
				6E4D37771C056619001573E3 /* BaseNavigationController.h */,
				6E4D37781C056619001573E3 /* BaseNavigationController.m */,
				6E4D37791C056619001573E3 /* BaseTabBarController.h */,
				6E4D377A1C056619001573E3 /* BaseTabBarController.m */,
				6E4D377B1C056619001573E3 /* UIImage_extra.h */,
				6E4D377C1C056619001573E3 /* UIImage_extra.m */,
				6E4D377D1C056619001573E3 /* UINavigationItem+margin.h */,
				6E4D377E1C056619001573E3 /* UINavigationItem+margin.m */,
				6E4D377F1C056619001573E3 /* UIViewController+NavigationBar.h */,
				6E4D37801C056619001573E3 /* UIViewController+NavigationBar.m */,
			);
			path = CustomControlView;
			sourceTree = "<group>";
		};
		6E4D37811C056619001573E3 /* CustomMBHud */ = {
			isa = PBXGroup;
			children = (
				6E4D37821C056619001573E3 /* CustomMBHud.h */,
				6E4D37831C056619001573E3 /* CustomMBHud.m */,
			);
			path = CustomMBHud;
			sourceTree = "<group>";
		};
		6E4D378D1C0568B1001573E3 /* MJRefresh */ = {
			isa = PBXGroup;
			children = (
				6E4D378E1C0568B1001573E3 /* MJRefresh.bundle */,
				6E4D378F1C0568B1001573E3 /* MJRefresh.h */,
				6E4D37901C0568B1001573E3 /* MJRefreshComponent.h */,
				6E4D37911C0568B1001573E3 /* MJRefreshComponent.m */,
				6E4D37921C0568B1001573E3 /* MJRefreshConst.h */,
				6E4D37931C0568B1001573E3 /* MJRefreshConst.m */,
				6E4D37941C0568B1001573E3 /* MJRefreshFooter.h */,
				6E4D37951C0568B1001573E3 /* MJRefreshFooter.m */,
				6E4D37961C0568B1001573E3 /* MJRefreshGifFooter.h */,
				6E4D37971C0568B1001573E3 /* MJRefreshGifFooter.m */,
				6E4D37981C0568B1001573E3 /* MJRefreshGifHeader.h */,
				6E4D37991C0568B1001573E3 /* MJRefreshGifHeader.m */,
				6E4D379A1C0568B1001573E3 /* MJRefreshHeader.h */,
				6E4D379B1C0568B1001573E3 /* MJRefreshHeader.m */,
				6E4D379C1C0568B1001573E3 /* MJRefreshLegendFooter.h */,
				6E4D379D1C0568B1001573E3 /* MJRefreshLegendFooter.m */,
				6E4D379E1C0568B1001573E3 /* MJRefreshLegendHeader.h */,
				6E4D379F1C0568B1001573E3 /* MJRefreshLegendHeader.m */,
				6E4D37A01C0568B1001573E3 /* UIScrollView+MJExtension.h */,
				6E4D37A11C0568B1001573E3 /* UIScrollView+MJExtension.m */,
				6E4D37A21C0568B1001573E3 /* UIScrollView+MJRefresh.h */,
				6E4D37A31C0568B1001573E3 /* UIScrollView+MJRefresh.m */,
				6E4D37A41C0568B1001573E3 /* UIView+MJExtension.h */,
				6E4D37A51C0568B1001573E3 /* UIView+MJExtension.m */,
			);
			path = MJRefresh;
			sourceTree = "<group>";
		};
		6EB2ED421C04684A002799BD = {
			isa = PBXGroup;
			children = (
				6EB2ED4D1C04684A002799BD /* CloudPhone */,
				6EB2ED671C04684B002799BD /* CloudPhoneTests */,
				6EB2ED721C04684B002799BD /* CloudPhoneUITests */,
				6E4D36EE1C0560D9001573E3 /* Frameworks */,
				6EB2ED4C1C04684A002799BD /* Products */,
			);
			sourceTree = "<group>";
		};
		6EB2ED4C1C04684A002799BD /* Products */ = {
			isa = PBXGroup;
			children = (
				6EB2ED4B1C04684A002799BD /* CloudPhone.app */,
				6EB2ED641C04684B002799BD /* CloudPhoneTests.xctest */,
				6EB2ED6F1C04684B002799BD /* CloudPhoneUITests.xctest */,
			);
			name = Products;
			sourceTree = "<group>";
		};
		6EB2ED4D1C04684A002799BD /* CloudPhone */ = {
			isa = PBXGroup;
			children = (
				6EB2ED511C04684A002799BD /* AppDelegate.h */,
				6EB2ED521C04684A002799BD /* AppDelegate.m */,
				6E4D36DF1C055D93001573E3 /* Global */,
				6E4D36E61C055EAE001573E3 /* Models */,
				6E4D36E71C055EAE001573E3 /* Views */,
				6E4D36E51C055EAE001573E3 /* Controllers */,
				6E4D36E81C055EFE001573E3 /* Util */,
				6E4D36E91C055F03001573E3 /* Vendor */,
				B4AB5C4F1C0836EB00143D29 /* Resource */,
				6EB2ED5A1C04684A002799BD /* Assets.xcassets */,
				6EB2ED5F1C04684A002799BD /* Info.plist */,
				6EB2ED4E1C04684A002799BD /* Supporting Files */,
			);
			path = CloudPhone;
			sourceTree = "<group>";
		};
		6EB2ED4E1C04684A002799BD /* Supporting Files */ = {
			isa = PBXGroup;
			children = (
				6EB2ED4F1C04684A002799BD /* main.m */,
			);
			name = "Supporting Files";
			sourceTree = "<group>";
		};
		6EB2ED671C04684B002799BD /* CloudPhoneTests */ = {
			isa = PBXGroup;
			children = (
				6EB2ED681C04684B002799BD /* CloudPhoneTests.m */,
				6EB2ED6A1C04684B002799BD /* Info.plist */,
			);
			path = CloudPhoneTests;
			sourceTree = "<group>";
		};
		6EB2ED721C04684B002799BD /* CloudPhoneUITests */ = {
			isa = PBXGroup;
			children = (
				6EB2ED731C04684B002799BD /* CloudPhoneUITests.m */,
				6EB2ED751C04684B002799BD /* Info.plist */,
			);
			path = CloudPhoneUITests;
			sourceTree = "<group>";
		};
		B4AB5C4F1C0836EB00143D29 /* Resource */ = {
			isa = PBXGroup;
			children = (
				B4AB5C581C085B0700143D29 /* chance_@2x.png */,
				B4AB5C591C085B0700143D29 /* chance_selected@2x.png */,
				B4AB5C501C0836F300143D29 /* welcome@2x.png */,
				B4AB5C521C0847CE00143D29 /* pic_touxiang@2x.png */,
				B4AB5C561C0853F600143D29 /* pic_mima@2x.png */,
				B4AB5C541C0853B600143D29 /* pic_zhanghao@2x.png */,
			);
			path = Resource;
			sourceTree = "<group>";
		};
/* End PBXGroup section */

/* Begin PBXNativeTarget section */
		6EB2ED4A1C04684A002799BD /* CloudPhone */ = {
			isa = PBXNativeTarget;
			buildConfigurationList = 6EB2ED781C04684B002799BD /* Build configuration list for PBXNativeTarget "CloudPhone" */;
			buildPhases = (
				6EB2ED471C04684A002799BD /* Sources */,
				6EB2ED481C04684A002799BD /* Frameworks */,
				6EB2ED491C04684A002799BD /* Resources */,
			);
			buildRules = (
			);
			dependencies = (
			);
			name = CloudPhone;
			productName = CloudPhone;
			productReference = 6EB2ED4B1C04684A002799BD /* CloudPhone.app */;
			productType = "com.apple.product-type.application";
		};
		6EB2ED631C04684B002799BD /* CloudPhoneTests */ = {
			isa = PBXNativeTarget;
			buildConfigurationList = 6EB2ED7B1C04684B002799BD /* Build configuration list for PBXNativeTarget "CloudPhoneTests" */;
			buildPhases = (
				6EB2ED601C04684B002799BD /* Sources */,
				6EB2ED611C04684B002799BD /* Frameworks */,
				6EB2ED621C04684B002799BD /* Resources */,
			);
			buildRules = (
			);
			dependencies = (
				6EB2ED661C04684B002799BD /* PBXTargetDependency */,
			);
			name = CloudPhoneTests;
			productName = CloudPhoneTests;
			productReference = 6EB2ED641C04684B002799BD /* CloudPhoneTests.xctest */;
			productType = "com.apple.product-type.bundle.unit-test";
		};
		6EB2ED6E1C04684B002799BD /* CloudPhoneUITests */ = {
			isa = PBXNativeTarget;
			buildConfigurationList = 6EB2ED7E1C04684B002799BD /* Build configuration list for PBXNativeTarget "CloudPhoneUITests" */;
			buildPhases = (
				6EB2ED6B1C04684B002799BD /* Sources */,
				6EB2ED6C1C04684B002799BD /* Frameworks */,
				6EB2ED6D1C04684B002799BD /* Resources */,
			);
			buildRules = (
			);
			dependencies = (
				6EB2ED711C04684B002799BD /* PBXTargetDependency */,
			);
			name = CloudPhoneUITests;
			productName = CloudPhoneUITests;
			productReference = 6EB2ED6F1C04684B002799BD /* CloudPhoneUITests.xctest */;
			productType = "com.apple.product-type.bundle.ui-testing";
		};
/* End PBXNativeTarget section */

/* Begin PBXProject section */
		6EB2ED431C04684A002799BD /* Project object */ = {
			isa = PBXProject;
			attributes = {
				LastUpgradeCheck = 0710;
				ORGANIZATIONNAME = iTal;
				TargetAttributes = {
					6EB2ED4A1C04684A002799BD = {
						CreatedOnToolsVersion = 7.1.1;
						DevelopmentTeam = MB56WXZ49W;
					};
					6EB2ED631C04684B002799BD = {
						CreatedOnToolsVersion = 7.1.1;
						TestTargetID = 6EB2ED4A1C04684A002799BD;
					};
					6EB2ED6E1C04684B002799BD = {
						CreatedOnToolsVersion = 7.1.1;
						TestTargetID = 6EB2ED4A1C04684A002799BD;
					};
				};
			};
			buildConfigurationList = 6EB2ED461C04684A002799BD /* Build configuration list for PBXProject "CloudPhone" */;
			compatibilityVersion = "Xcode 3.2";
			developmentRegion = English;
			hasScannedForEncodings = 0;
			knownRegions = (
				en,
				Base,
			);
			mainGroup = 6EB2ED421C04684A002799BD;
			productRefGroup = 6EB2ED4C1C04684A002799BD /* Products */;
			projectDirPath = "";
			projectRoot = "";
			targets = (
				6EB2ED4A1C04684A002799BD /* CloudPhone */,
				6EB2ED631C04684B002799BD /* CloudPhoneTests */,
				6EB2ED6E1C04684B002799BD /* CloudPhoneUITests */,
			);
		};
/* End PBXProject section */

/* Begin PBXResourcesBuildPhase section */
		6EB2ED491C04684A002799BD /* Resources */ = {
			isa = PBXResourcesBuildPhase;
			buildActionMask = 2147483647;
			files = (
				B4AB5C511C0836F300143D29 /* welcome@2x.png in Resources */,
				B4AB5C551C0853B600143D29 /* pic_zhanghao@2x.png in Resources */,
				B4AB5C5A1C085B0700143D29 /* chance_@2x.png in Resources */,
				6E4D37A61C0568B1001573E3 /* MJRefresh.bundle in Resources */,
				B4AB5C571C0853F600143D29 /* pic_mima@2x.png in Resources */,
				B4AB5C5B1C085B0700143D29 /* chance_selected@2x.png in Resources */,
				B4AB5C531C0847CE00143D29 /* pic_touxiang@2x.png in Resources */,
				6EB2ED5B1C04684A002799BD /* Assets.xcassets in Resources */,
			);
			runOnlyForDeploymentPostprocessing = 0;
		};
		6EB2ED621C04684B002799BD /* Resources */ = {
			isa = PBXResourcesBuildPhase;
			buildActionMask = 2147483647;
			files = (
			);
			runOnlyForDeploymentPostprocessing = 0;
		};
		6EB2ED6D1C04684B002799BD /* Resources */ = {
			isa = PBXResourcesBuildPhase;
			buildActionMask = 2147483647;
			files = (
			);
			runOnlyForDeploymentPostprocessing = 0;
		};
/* End PBXResourcesBuildPhase section */

/* Begin PBXSourcesBuildPhase section */
		6EB2ED471C04684A002799BD /* Sources */ = {
			isa = PBXSourcesBuildPhase;
			buildActionMask = 2147483647;
			files = (
				6E4D37661C056384001573E3 /* UIImage+GIF.m in Sources */,
				6E4D37321C0561A2001573E3 /* UIProgressView+AFNetworking.m in Sources */,
				6E4D37301C0561A2001573E3 /* UIButton+AFNetworking.m in Sources */,
				6E4D37881C056619001573E3 /* BaseTabBarController.m in Sources */,
				6E4D37331C0561A2001573E3 /* UIRefreshControl+AFNetworking.m in Sources */,
				6E4D372F1C0561A2001573E3 /* UIAlertView+AFNetworking.m in Sources */,
				6E4D36E41C055D93001573E3 /* Global.m in Sources */,
				B4DEF6DE1C06E4920001407D /* ResetPasswordViewController.m in Sources */,
				6E4D37651C056384001573E3 /* UIButton+WebCache.m in Sources */,
				6E4D37AC1C0568B1001573E3 /* MJRefreshHeader.m in Sources */,
				6E4D37A71C0568B1001573E3 /* MJRefreshComponent.m in Sources */,
				6E4D378C1C056619001573E3 /* CustomMBHud.m in Sources */,
				6E4D37281C0561A2001573E3 /* AFSecurityPolicy.m in Sources */,
				6E4D37871C056619001573E3 /* BaseNavigationController.m in Sources */,
				6E4D37AB1C0568B1001573E3 /* MJRefreshGifHeader.m in Sources */,
				6E4D37671C056384001573E3 /* UIImage+MultiFormat.m in Sources */,
				6E98972C1C083BD500B9D9E9 /* GuidePageView.m in Sources */,
				6E4D37B11C0568B1001573E3 /* UIView+MJExtension.m in Sources */,
				6E2E8A6F1C06A004000E6C2D /* RegisterLoginViewController.m in Sources */,
				6E4D37601C056384001573E3 /* SDWebImageDecoder.m in Sources */,
				6E4D37251C0561A2001573E3 /* AFHTTPRequestOperationManager.m in Sources */,
				6E4D376A1C056384001573E3 /* UIImageView+WebCache.m in Sources */,
				6E4D37291C0561A2001573E3 /* AFURLConnectionOperation.m in Sources */,
				6E4D37311C0561A2001573E3 /* UIImageView+AFNetworking.m in Sources */,
				6E4D375D1C056384001573E3 /* NSData+ImageContentType.m in Sources */,
				6E4D37611C056384001573E3 /* SDWebImageDownloader.m in Sources */,
				6E4D37241C0561A2001573E3 /* AFHTTPRequestOperation.m in Sources */,
				6E4D372E1C0561A2001573E3 /* UIActivityIndicatorView+AFNetworking.m in Sources */,
				B4DEF6E81C06FC3D0001407D /* ColorTool.m in Sources */,
				6E4D37691C056384001573E3 /* UIImageView+HighlightedWebCache.m in Sources */,
				6E4D37A81C0568B1001573E3 /* MJRefreshConst.m in Sources */,
				6E4D37841C056619001573E3 /* AirCloudNetAPIClient.m in Sources */,
				6E4D37AA1C0568B1001573E3 /* MJRefreshGifFooter.m in Sources */,
				B4DEF6DB1C06E1640001407D /* CallbackPasswordViewController.m in Sources */,
				6E4D37B01C0568B1001573E3 /* UIScrollView+MJRefresh.m in Sources */,
				6EB2ED531C04684A002799BD /* AppDelegate.m in Sources */,
				6E4D372A1C0561A2001573E3 /* AFURLRequestSerialization.m in Sources */,
				6E4D37261C0561A2001573E3 /* AFHTTPSessionManager.m in Sources */,
				6E4D373A1C05628C001573E3 /* MBProgressHUD.m in Sources */,
				6E4D376B1C056384001573E3 /* UIView+WebCacheOperation.m in Sources */,
				6E4D378A1C056619001573E3 /* UINavigationItem+margin.m in Sources */,
				6E4D375F1C056384001573E3 /* SDWebImageCompat.m in Sources */,
				6E4D37AE1C0568B1001573E3 /* MJRefreshLegendHeader.m in Sources */,
				6E4D37271C0561A2001573E3 /* AFNetworkReachabilityManager.m in Sources */,
				6E4D375C1C056384001573E3 /* MKAnnotationView+WebCache.m in Sources */,
				B4DEF6D81C06BF730001407D /* LoginPasswordViewController.m in Sources */,
				6E4D372B1C0561A2001573E3 /* AFURLResponseSerialization.m in Sources */,
				6E4D37341C0561A2001573E3 /* UIWebView+AFNetworking.m in Sources */,
				6E4D37861C056619001573E3 /* GeneralToolObject.m in Sources */,
				B4DEF6D21C06B0360001407D /* LoginViewController.m in Sources */,
				6E4D37641C056384001573E3 /* SDWebImagePrefetcher.m in Sources */,
				6E4D372C1C0561A2001573E3 /* AFURLSessionManager.m in Sources */,
				6E4D37AF1C0568B1001573E3 /* UIScrollView+MJExtension.m in Sources */,
				B4DEF6E51C06F9470001407D /* UIColor+Category.m in Sources */,
				6E4D37851C056619001573E3 /* AirCloudNetAPIManager.m in Sources */,
				6E4D37621C056384001573E3 /* SDWebImageDownloaderOperation.m in Sources */,
				6E4D372D1C0561A2001573E3 /* AFNetworkActivityIndicatorManager.m in Sources */,
				6E4D37AD1C0568B1001573E3 /* MJRefreshLegendFooter.m in Sources */,
				6E4D37631C056384001573E3 /* SDWebImageManager.m in Sources */,
				6E2E8A721C06A20E000E6C2D /* RegisterViewController.m in Sources */,
				6E4D37681C056384001573E3 /* UIImage+WebP.m in Sources */,
				6E4D378B1C056619001573E3 /* UIViewController+NavigationBar.m in Sources */,
				6EB2ED501C04684A002799BD /* main.m in Sources */,
				6E4D37891C056619001573E3 /* UIImage_extra.m in Sources */,
				6E4D375E1C056384001573E3 /* SDImageCache.m in Sources */,
				6E4D37A91C0568B1001573E3 /* MJRefreshFooter.m in Sources */,
			);
			runOnlyForDeploymentPostprocessing = 0;
		};
		6EB2ED601C04684B002799BD /* Sources */ = {
			isa = PBXSourcesBuildPhase;
			buildActionMask = 2147483647;
			files = (
				6EB2ED691C04684B002799BD /* CloudPhoneTests.m in Sources */,
			);
			runOnlyForDeploymentPostprocessing = 0;
		};
		6EB2ED6B1C04684B002799BD /* Sources */ = {
			isa = PBXSourcesBuildPhase;
			buildActionMask = 2147483647;
			files = (
				6EB2ED741C04684B002799BD /* CloudPhoneUITests.m in Sources */,
			);
			runOnlyForDeploymentPostprocessing = 0;
		};
/* End PBXSourcesBuildPhase section */

/* Begin PBXTargetDependency section */
		6EB2ED661C04684B002799BD /* PBXTargetDependency */ = {
			isa = PBXTargetDependency;
			target = 6EB2ED4A1C04684A002799BD /* CloudPhone */;
			targetProxy = 6EB2ED651C04684B002799BD /* PBXContainerItemProxy */;
		};
		6EB2ED711C04684B002799BD /* PBXTargetDependency */ = {
			isa = PBXTargetDependency;
			target = 6EB2ED4A1C04684A002799BD /* CloudPhone */;
			targetProxy = 6EB2ED701C04684B002799BD /* PBXContainerItemProxy */;
		};
/* End PBXTargetDependency section */

/* Begin XCBuildConfiguration section */
		6EB2ED761C04684B002799BD /* Debug */ = {
			isa = XCBuildConfiguration;
			buildSettings = {
				ALWAYS_SEARCH_USER_PATHS = NO;
				CLANG_CXX_LANGUAGE_STANDARD = "gnu++0x";
				CLANG_CXX_LIBRARY = "libc++";
				CLANG_ENABLE_MODULES = YES;
				CLANG_ENABLE_OBJC_ARC = YES;
				CLANG_WARN_BOOL_CONVERSION = YES;
				CLANG_WARN_CONSTANT_CONVERSION = YES;
				CLANG_WARN_DIRECT_OBJC_ISA_USAGE = YES_ERROR;
				CLANG_WARN_EMPTY_BODY = YES;
				CLANG_WARN_ENUM_CONVERSION = YES;
				CLANG_WARN_INT_CONVERSION = YES;
				CLANG_WARN_OBJC_ROOT_CLASS = YES_ERROR;
				CLANG_WARN_UNREACHABLE_CODE = YES;
				CLANG_WARN__DUPLICATE_METHOD_MATCH = YES;
				"CODE_SIGN_IDENTITY[sdk=iphoneos*]" = "iPhone Developer";
				COPY_PHASE_STRIP = NO;
				DEBUG_INFORMATION_FORMAT = dwarf;
				ENABLE_STRICT_OBJC_MSGSEND = YES;
				ENABLE_TESTABILITY = YES;
				GCC_C_LANGUAGE_STANDARD = gnu99;
				GCC_DYNAMIC_NO_PIC = NO;
				GCC_NO_COMMON_BLOCKS = YES;
				GCC_OPTIMIZATION_LEVEL = 0;
				GCC_PREPROCESSOR_DEFINITIONS = (
					"DEBUG=1",
					"$(inherited)",
				);
				GCC_WARN_64_TO_32_BIT_CONVERSION = YES;
				GCC_WARN_ABOUT_RETURN_TYPE = YES_ERROR;
				GCC_WARN_UNDECLARED_SELECTOR = YES;
				GCC_WARN_UNINITIALIZED_AUTOS = YES_AGGRESSIVE;
				GCC_WARN_UNUSED_FUNCTION = YES;
				GCC_WARN_UNUSED_VARIABLE = YES;
				IPHONEOS_DEPLOYMENT_TARGET = 9.1;
				MTL_ENABLE_DEBUG_INFO = YES;
				ONLY_ACTIVE_ARCH = YES;
				SDKROOT = iphoneos;
			};
			name = Debug;
		};
		6EB2ED771C04684B002799BD /* Release */ = {
			isa = XCBuildConfiguration;
			buildSettings = {
				ALWAYS_SEARCH_USER_PATHS = NO;
				CLANG_CXX_LANGUAGE_STANDARD = "gnu++0x";
				CLANG_CXX_LIBRARY = "libc++";
				CLANG_ENABLE_MODULES = YES;
				CLANG_ENABLE_OBJC_ARC = YES;
				CLANG_WARN_BOOL_CONVERSION = YES;
				CLANG_WARN_CONSTANT_CONVERSION = YES;
				CLANG_WARN_DIRECT_OBJC_ISA_USAGE = YES_ERROR;
				CLANG_WARN_EMPTY_BODY = YES;
				CLANG_WARN_ENUM_CONVERSION = YES;
				CLANG_WARN_INT_CONVERSION = YES;
				CLANG_WARN_OBJC_ROOT_CLASS = YES_ERROR;
				CLANG_WARN_UNREACHABLE_CODE = YES;
				CLANG_WARN__DUPLICATE_METHOD_MATCH = YES;
				"CODE_SIGN_IDENTITY[sdk=iphoneos*]" = "iPhone Developer";
				COPY_PHASE_STRIP = NO;
				DEBUG_INFORMATION_FORMAT = "dwarf-with-dsym";
				ENABLE_NS_ASSERTIONS = NO;
				ENABLE_STRICT_OBJC_MSGSEND = YES;
				GCC_C_LANGUAGE_STANDARD = gnu99;
				GCC_NO_COMMON_BLOCKS = YES;
				GCC_WARN_64_TO_32_BIT_CONVERSION = YES;
				GCC_WARN_ABOUT_RETURN_TYPE = YES_ERROR;
				GCC_WARN_UNDECLARED_SELECTOR = YES;
				GCC_WARN_UNINITIALIZED_AUTOS = YES_AGGRESSIVE;
				GCC_WARN_UNUSED_FUNCTION = YES;
				GCC_WARN_UNUSED_VARIABLE = YES;
				IPHONEOS_DEPLOYMENT_TARGET = 9.1;
				MTL_ENABLE_DEBUG_INFO = NO;
				SDKROOT = iphoneos;
				VALIDATE_PRODUCT = YES;
			};
			name = Release;
		};
		6EB2ED791C04684B002799BD /* Debug */ = {
			isa = XCBuildConfiguration;
			buildSettings = {
				ASSETCATALOG_COMPILER_APPICON_NAME = AppIcon;
				ASSETCATALOG_COMPILER_LAUNCHIMAGE_NAME = LaunchImage;
				CODE_SIGN_IDENTITY = "iPhone Developer: YongPeng Wang (SPJ738AAND)";
				"CODE_SIGN_IDENTITY[sdk=iphoneos*]" = "iPhone Developer: YongPeng Wang (SPJ738AAND)";
				ENABLE_BITCODE = NO;
				INFOPLIST_FILE = CloudPhone/Info.plist;
				IPHONEOS_DEPLOYMENT_TARGET = 7.0;
				LD_RUNPATH_SEARCH_PATHS = "$(inherited) @executable_path/Frameworks";
				OTHER_LDFLAGS = "-ObjC";
				PRODUCT_BUNDLE_IDENTIFIER = com.iTal.CloudPhone;
				PRODUCT_NAME = "$(TARGET_NAME)";
				PROVISIONING_PROFILE = "cadd4128-30e7-491f-8ab9-1f07267f89d9";
			};
			name = Debug;
		};
		6EB2ED7A1C04684B002799BD /* Release */ = {
			isa = XCBuildConfiguration;
			buildSettings = {
				ASSETCATALOG_COMPILER_APPICON_NAME = AppIcon;
				ASSETCATALOG_COMPILER_LAUNCHIMAGE_NAME = LaunchImage;
				CODE_SIGN_IDENTITY = "iPhone Developer: YongPeng Wang (SPJ738AAND)";
				"CODE_SIGN_IDENTITY[sdk=iphoneos*]" = "iPhone Developer: YongPeng Wang (SPJ738AAND)";
				ENABLE_BITCODE = NO;
				INFOPLIST_FILE = CloudPhone/Info.plist;
				IPHONEOS_DEPLOYMENT_TARGET = 7.0;
				LD_RUNPATH_SEARCH_PATHS = "$(inherited) @executable_path/Frameworks";
				OTHER_LDFLAGS = "-ObjC";
				PRODUCT_BUNDLE_IDENTIFIER = com.iTal.CloudPhone;
				PRODUCT_NAME = "$(TARGET_NAME)";
				PROVISIONING_PROFILE = "cadd4128-30e7-491f-8ab9-1f07267f89d9";
			};
			name = Release;
		};
		6EB2ED7C1C04684B002799BD /* Debug */ = {
			isa = XCBuildConfiguration;
			buildSettings = {
				BUNDLE_LOADER = "$(TEST_HOST)";
				INFOPLIST_FILE = CloudPhoneTests/Info.plist;
				LD_RUNPATH_SEARCH_PATHS = "$(inherited) @executable_path/Frameworks @loader_path/Frameworks";
				PRODUCT_BUNDLE_IDENTIFIER = com.iTal.CloudPhoneTests;
				PRODUCT_NAME = "$(TARGET_NAME)";
				TEST_HOST = "$(BUILT_PRODUCTS_DIR)/CloudPhone.app/CloudPhone";
			};
			name = Debug;
		};
		6EB2ED7D1C04684B002799BD /* Release */ = {
			isa = XCBuildConfiguration;
			buildSettings = {
				BUNDLE_LOADER = "$(TEST_HOST)";
				INFOPLIST_FILE = CloudPhoneTests/Info.plist;
				LD_RUNPATH_SEARCH_PATHS = "$(inherited) @executable_path/Frameworks @loader_path/Frameworks";
				PRODUCT_BUNDLE_IDENTIFIER = com.iTal.CloudPhoneTests;
				PRODUCT_NAME = "$(TARGET_NAME)";
				TEST_HOST = "$(BUILT_PRODUCTS_DIR)/CloudPhone.app/CloudPhone";
			};
			name = Release;
		};
		6EB2ED7F1C04684B002799BD /* Debug */ = {
			isa = XCBuildConfiguration;
			buildSettings = {
				INFOPLIST_FILE = CloudPhoneUITests/Info.plist;
				LD_RUNPATH_SEARCH_PATHS = "$(inherited) @executable_path/Frameworks @loader_path/Frameworks";
				PRODUCT_BUNDLE_IDENTIFIER = com.iTal.CloudPhoneUITests;
				PRODUCT_NAME = "$(TARGET_NAME)";
				TEST_TARGET_NAME = CloudPhone;
				USES_XCTRUNNER = YES;
			};
			name = Debug;
		};
		6EB2ED801C04684B002799BD /* Release */ = {
			isa = XCBuildConfiguration;
			buildSettings = {
				INFOPLIST_FILE = CloudPhoneUITests/Info.plist;
				LD_RUNPATH_SEARCH_PATHS = "$(inherited) @executable_path/Frameworks @loader_path/Frameworks";
				PRODUCT_BUNDLE_IDENTIFIER = com.iTal.CloudPhoneUITests;
				PRODUCT_NAME = "$(TARGET_NAME)";
				TEST_TARGET_NAME = CloudPhone;
				USES_XCTRUNNER = YES;
			};
			name = Release;
		};
/* End XCBuildConfiguration section */

/* Begin XCConfigurationList section */
		6EB2ED461C04684A002799BD /* Build configuration list for PBXProject "CloudPhone" */ = {
			isa = XCConfigurationList;
			buildConfigurations = (
				6EB2ED761C04684B002799BD /* Debug */,
				6EB2ED771C04684B002799BD /* Release */,
			);
			defaultConfigurationIsVisible = 0;
			defaultConfigurationName = Release;
		};
		6EB2ED781C04684B002799BD /* Build configuration list for PBXNativeTarget "CloudPhone" */ = {
			isa = XCConfigurationList;
			buildConfigurations = (
				6EB2ED791C04684B002799BD /* Debug */,
				6EB2ED7A1C04684B002799BD /* Release */,
			);
			defaultConfigurationIsVisible = 0;
			defaultConfigurationName = Release;
		};
		6EB2ED7B1C04684B002799BD /* Build configuration list for PBXNativeTarget "CloudPhoneTests" */ = {
			isa = XCConfigurationList;
			buildConfigurations = (
				6EB2ED7C1C04684B002799BD /* Debug */,
				6EB2ED7D1C04684B002799BD /* Release */,
			);
			defaultConfigurationIsVisible = 0;
			defaultConfigurationName = Release;
		};
		6EB2ED7E1C04684B002799BD /* Build configuration list for PBXNativeTarget "CloudPhoneUITests" */ = {
			isa = XCConfigurationList;
			buildConfigurations = (
				6EB2ED7F1C04684B002799BD /* Debug */,
				6EB2ED801C04684B002799BD /* Release */,
			);
			defaultConfigurationIsVisible = 0;
			defaultConfigurationName = Release;
		};
/* End XCConfigurationList section */
	};
	rootObject = 6EB2ED431C04684A002799BD /* Project object */;
}
